// !$*UTF8*$!
{
	archiveVersion = 1;
	classes = {
	};
	objectVersion = 56;
	objects = {

/* Begin PBXBuildFile section */
		AD476C442D322E21000C0136 /* HikeBadge.swift in Sources */ = {isa = PBXBuildFile; fileRef = AD476C432D322E21000C0136 /* HikeBadge.swift */; };
		AD476C462D32F311000C0136 /* ProfileEditor.swift in Sources */ = {isa = PBXBuildFile; fileRef = AD476C452D32F311000C0136 /* ProfileEditor.swift */; };
		AD476C492D32FA0D000C0136 /* PageViewController.swift in Sources */ = {isa = PBXBuildFile; fileRef = AD476C482D32FA0D000C0136 /* PageViewController.swift */; };
		AD476C4B2D32FC28000C0136 /* FeatureCard.swift in Sources */ = {isa = PBXBuildFile; fileRef = AD476C4A2D32FC28000C0136 /* FeatureCard.swift */; };
		AD476C4D2D32FE26000C0136 /* PageView.swift in Sources */ = {isa = PBXBuildFile; fileRef = AD476C4C2D32FE26000C0136 /* PageView.swift */; };
		AD476C4F2D330B81000C0136 /* PageControl.swift in Sources */ = {isa = PBXBuildFile; fileRef = AD476C4E2D330B81000C0136 /* PageControl.swift */; };
		AD476C592D330FF5000C0136 /* ContentView.swift in Sources */ = {isa = PBXBuildFile; fileRef = AD476C582D330FF5000C0136 /* ContentView.swift */; };
		AD476C5B2D330FF6000C0136 /* Assets.xcassets in Resources */ = {isa = PBXBuildFile; fileRef = AD476C5A2D330FF6000C0136 /* Assets.xcassets */; };
		AD476C5E2D330FF6000C0136 /* Preview Assets.xcassets in Resources */ = {isa = PBXBuildFile; fileRef = AD476C5D2D330FF6000C0136 /* Preview Assets.xcassets */; };
		AD476C682D330FF6000C0136 /* WatchLandmarks_Watch_AppTests.swift in Sources */ = {isa = PBXBuildFile; fileRef = AD476C672D330FF6000C0136 /* WatchLandmarks_Watch_AppTests.swift */; };
		AD476C722D330FF6000C0136 /* WatchLandmarks_Watch_AppUITests.swift in Sources */ = {isa = PBXBuildFile; fileRef = AD476C712D330FF6000C0136 /* WatchLandmarks_Watch_AppUITests.swift */; };
		AD476C742D330FF6000C0136 /* WatchLandmarks_Watch_AppUITestsLaunchTests.swift in Sources */ = {isa = PBXBuildFile; fileRef = AD476C732D330FF6000C0136 /* WatchLandmarks_Watch_AppUITestsLaunchTests.swift */; };
		AD476C772D330FF6000C0136 /* WatchLandmarks Watch App.app in Embed Watch Content */ = {isa = PBXBuildFile; fileRef = AD476C542D330FF4000C0136 /* WatchLandmarks Watch App.app */; settings = {ATTRIBUTES = (RemoveHeadersOnCopy, ); }; };
		AD476C832D33111C000C0136 /* Landmark.swift in Sources */ = {isa = PBXBuildFile; fileRef = ADE840942D2A1DA30040E1EA /* Landmark.swift */; };
		AD476C842D33117E000C0136 /* Assets.xcassets in Resources */ = {isa = PBXBuildFile; fileRef = ADE840682D2906130040E1EA /* Assets.xcassets */; };
		AD476C852D33117E000C0136 /* landmarkData.json in Resources */ = {isa = PBXBuildFile; fileRef = ADE840922D2A1D740040E1EA /* landmarkData.json */; };
		AD476C862D33117E000C0136 /* hikeData.json in Resources */ = {isa = PBXBuildFile; fileRef = ADE840B42D2B944C0040E1EA /* hikeData.json */; };
		AD476C872D3311BD000C0136 /* LandmarksApp.swift in Sources */ = {isa = PBXBuildFile; fileRef = ADE840642D2906120040E1EA /* LandmarksApp.swift */; };
		AD476C882D3311BD000C0136 /* ModelData.swift in Sources */ = {isa = PBXBuildFile; fileRef = ADE840962D2A1F170040E1EA /* ModelData.swift */; };
		AD476C892D3311BD000C0136 /* MapView.swift in Sources */ = {isa = PBXBuildFile; fileRef = ADE840902D2A18190040E1EA /* MapView.swift */; };
		AD476C8A2D3311BD000C0136 /* CircleImage.swift in Sources */ = {isa = PBXBuildFile; fileRef = ADE8408E2D2A17800040E1EA /* CircleImage.swift */; };
		AD476C8B2D3311BD000C0136 /* Profile.swift in Sources */ = {isa = PBXBuildFile; fileRef = AD50F1B32D2FAC7F0076947E /* Profile.swift */; };
		AD476C8C2D3311BD000C0136 /* Hike.swift in Sources */ = {isa = PBXBuildFile; fileRef = ADE840B62D2B94600040E1EA /* Hike.swift */; };
		AD476C8D2D3311BD000C0136 /* LandmarkRow.swift in Sources */ = {isa = PBXBuildFile; fileRef = ADE8409B2D2A22C60040E1EA /* LandmarkRow.swift */; };
		AD476C8F2D331275000C0136 /* LandmarkDetail.swift in Sources */ = {isa = PBXBuildFile; fileRef = AD476C8E2D331275000C0136 /* LandmarkDetail.swift */; };
		AD476C912D331715000C0136 /* NotificationView.swift in Sources */ = {isa = PBXBuildFile; fileRef = AD476C902D331715000C0136 /* NotificationView.swift */; };
		AD476C932D331884000C0136 /* NotificationController.swift in Sources */ = {isa = PBXBuildFile; fileRef = AD476C922D331884000C0136 /* NotificationController.swift */; };
		AD476C962D333D4B000C0136 /* LandmarkList.swift in Sources */ = {isa = PBXBuildFile; fileRef = AD476C952D333D4B000C0136 /* LandmarkList.swift */; };
		AD476CA02D333FC8000C0136 /* ContentView.swift in Sources */ = {isa = PBXBuildFile; fileRef = AD476C9F2D333FC8000C0136 /* ContentView.swift */; };
		AD476CA22D333FCA000C0136 /* Assets.xcassets in Resources */ = {isa = PBXBuildFile; fileRef = AD476CA12D333FCA000C0136 /* Assets.xcassets */; };
		AD476CA52D333FCA000C0136 /* Preview Assets.xcassets in Resources */ = {isa = PBXBuildFile; fileRef = AD476CA42D333FCA000C0136 /* Preview Assets.xcassets */; };
		AD476CB02D333FCA000C0136 /* MacLandmarksTests.swift in Sources */ = {isa = PBXBuildFile; fileRef = AD476CAF2D333FCA000C0136 /* MacLandmarksTests.swift */; };
		AD476CBA2D333FCA000C0136 /* MacLandmarksUITests.swift in Sources */ = {isa = PBXBuildFile; fileRef = AD476CB92D333FCA000C0136 /* MacLandmarksUITests.swift */; };
		AD476CBC2D333FCA000C0136 /* MacLandmarksUITestsLaunchTests.swift in Sources */ = {isa = PBXBuildFile; fileRef = AD476CBB2D333FCA000C0136 /* MacLandmarksUITestsLaunchTests.swift */; };
		AD476CC62D334043000C0136 /* Landmark.swift in Sources */ = {isa = PBXBuildFile; fileRef = ADE840942D2A1DA30040E1EA /* Landmark.swift */; };
		AD476CC72D334043000C0136 /* Hike.swift in Sources */ = {isa = PBXBuildFile; fileRef = ADE840B62D2B94600040E1EA /* Hike.swift */; };
		AD476CC82D334043000C0136 /* LandmarkRow.swift in Sources */ = {isa = PBXBuildFile; fileRef = ADE8409B2D2A22C60040E1EA /* LandmarkRow.swift */; };
		AD476CC92D334043000C0136 /* FavoriteButton.swift in Sources */ = {isa = PBXBuildFile; fileRef = ADE840A32D2B823F0040E1EA /* FavoriteButton.swift */; };
		AD476CCB2D334043000C0136 /* MapView.swift in Sources */ = {isa = PBXBuildFile; fileRef = ADE840902D2A18190040E1EA /* MapView.swift */; };
		AD476CCC2D334043000C0136 /* Profile.swift in Sources */ = {isa = PBXBuildFile; fileRef = AD50F1B32D2FAC7F0076947E /* Profile.swift */; };
		AD476CCD2D334043000C0136 /* ModelData.swift in Sources */ = {isa = PBXBuildFile; fileRef = ADE840962D2A1F170040E1EA /* ModelData.swift */; };
		AD476CCE2D334043000C0136 /* CircleImage.swift in Sources */ = {isa = PBXBuildFile; fileRef = ADE8408E2D2A17800040E1EA /* CircleImage.swift */; };
		AD476CCF2D334043000C0136 /* LandmarksApp.swift in Sources */ = {isa = PBXBuildFile; fileRef = ADE840642D2906120040E1EA /* LandmarksApp.swift */; };
		AD476CD02D334043000C0136 /* Assets.xcassets in Resources */ = {isa = PBXBuildFile; fileRef = ADE840682D2906130040E1EA /* Assets.xcassets */; };
		AD476CD12D334043000C0136 /* hikeData.json in Resources */ = {isa = PBXBuildFile; fileRef = ADE840B42D2B944C0040E1EA /* hikeData.json */; };
		AD476CD22D334043000C0136 /* landmarkData.json in Resources */ = {isa = PBXBuildFile; fileRef = ADE840922D2A1D740040E1EA /* landmarkData.json */; };
		AD476CD42D334190000C0136 /* LandmarkDetail.swift in Sources */ = {isa = PBXBuildFile; fileRef = AD476CD32D334190000C0136 /* LandmarkDetail.swift */; };
		AD476CD52D33428A000C0136 /* LandmarkList.swift in Sources */ = {isa = PBXBuildFile; fileRef = ADE8409D2D2AADDE0040E1EA /* LandmarkList.swift */; };
		AD476CD72D3384AF000C0136 /* LandmarkCommands.swift in Sources */ = {isa = PBXBuildFile; fileRef = AD476CD62D3384AF000C0136 /* LandmarkCommands.swift */; };
		AD476CD82D3384AF000C0136 /* LandmarkCommands.swift in Sources */ = {isa = PBXBuildFile; fileRef = AD476CD62D3384AF000C0136 /* LandmarkCommands.swift */; };
		AD50F1AE2D2F8AB40076947E /* CategoryHome.swift in Sources */ = {isa = PBXBuildFile; fileRef = AD50F1AD2D2F8AB40076947E /* CategoryHome.swift */; };
		AD50F1B02D2F9BCF0076947E /* CategoryRow.swift in Sources */ = {isa = PBXBuildFile; fileRef = AD50F1AF2D2F9BCF0076947E /* CategoryRow.swift */; };
		AD50F1B22D2F9F400076947E /* CategoryItem.swift in Sources */ = {isa = PBXBuildFile; fileRef = AD50F1B12D2F9F400076947E /* CategoryItem.swift */; };
		AD50F1B42D2FAC7F0076947E /* Profile.swift in Sources */ = {isa = PBXBuildFile; fileRef = AD50F1B32D2FAC7F0076947E /* Profile.swift */; };
		AD50F1B72D2FAD240076947E /* ProfileHost.swift in Sources */ = {isa = PBXBuildFile; fileRef = AD50F1B62D2FAD240076947E /* ProfileHost.swift */; };
		AD50F1B92D2FAE650076947E /* ProfileSummary.swift in Sources */ = {isa = PBXBuildFile; fileRef = AD50F1B82D2FAE650076947E /* ProfileSummary.swift */; };
		ADE840652D2906120040E1EA /* LandmarksApp.swift in Sources */ = {isa = PBXBuildFile; fileRef = ADE840642D2906120040E1EA /* LandmarksApp.swift */; };
		ADE840672D2906120040E1EA /* ContentView.swift in Sources */ = {isa = PBXBuildFile; fileRef = ADE840662D2906120040E1EA /* ContentView.swift */; };
		ADE840692D2906130040E1EA /* Assets.xcassets in Resources */ = {isa = PBXBuildFile; fileRef = ADE840682D2906130040E1EA /* Assets.xcassets */; };
		ADE8406C2D2906130040E1EA /* Preview Assets.xcassets in Resources */ = {isa = PBXBuildFile; fileRef = ADE8406B2D2906130040E1EA /* Preview Assets.xcassets */; };
		ADE840762D2906130040E1EA /* LandmarksTests.swift in Sources */ = {isa = PBXBuildFile; fileRef = ADE840752D2906130040E1EA /* LandmarksTests.swift */; };
		ADE840802D2906130040E1EA /* LandmarksUITests.swift in Sources */ = {isa = PBXBuildFile; fileRef = ADE8407F2D2906130040E1EA /* LandmarksUITests.swift */; };
		ADE840822D2906130040E1EA /* LandmarksUITestsLaunchTests.swift in Sources */ = {isa = PBXBuildFile; fileRef = ADE840812D2906130040E1EA /* LandmarksUITestsLaunchTests.swift */; };
		ADE8408F2D2A17800040E1EA /* CircleImage.swift in Sources */ = {isa = PBXBuildFile; fileRef = ADE8408E2D2A17800040E1EA /* CircleImage.swift */; };
		ADE840912D2A18190040E1EA /* MapView.swift in Sources */ = {isa = PBXBuildFile; fileRef = ADE840902D2A18190040E1EA /* MapView.swift */; };
		ADE840932D2A1D740040E1EA /* landmarkData.json in Resources */ = {isa = PBXBuildFile; fileRef = ADE840922D2A1D740040E1EA /* landmarkData.json */; };
		ADE840952D2A1DA30040E1EA /* Landmark.swift in Sources */ = {isa = PBXBuildFile; fileRef = ADE840942D2A1DA30040E1EA /* Landmark.swift */; };
		ADE840972D2A1F170040E1EA /* ModelData.swift in Sources */ = {isa = PBXBuildFile; fileRef = ADE840962D2A1F170040E1EA /* ModelData.swift */; };
		ADE8409C2D2A22C60040E1EA /* LandmarkRow.swift in Sources */ = {isa = PBXBuildFile; fileRef = ADE8409B2D2A22C60040E1EA /* LandmarkRow.swift */; };
		ADE8409E2D2AADDE0040E1EA /* LandmarkList.swift in Sources */ = {isa = PBXBuildFile; fileRef = ADE8409D2D2AADDE0040E1EA /* LandmarkList.swift */; };
		ADE840A02D2AAF8C0040E1EA /* LandmarkDetail.swift in Sources */ = {isa = PBXBuildFile; fileRef = ADE8409F2D2AAF8C0040E1EA /* LandmarkDetail.swift */; };
		ADE840A42D2B823F0040E1EA /* FavoriteButton.swift in Sources */ = {isa = PBXBuildFile; fileRef = ADE840A32D2B823F0040E1EA /* FavoriteButton.swift */; };
		ADE840AA2D2B87500040E1EA /* HexagonParameters.swift in Sources */ = {isa = PBXBuildFile; fileRef = ADE840A92D2B87500040E1EA /* HexagonParameters.swift */; };
		ADE840AC2D2B87E70040E1EA /* BadgeBackground.swift in Sources */ = {isa = PBXBuildFile; fileRef = ADE840AB2D2B87E70040E1EA /* BadgeBackground.swift */; };
		ADE840AE2D2B8DCA0040E1EA /* BadgeSymbol.swift in Sources */ = {isa = PBXBuildFile; fileRef = ADE840AD2D2B8DCA0040E1EA /* BadgeSymbol.swift */; };
		ADE840B02D2B90350040E1EA /* RotatedBadgeSymbol.swift in Sources */ = {isa = PBXBuildFile; fileRef = ADE840AF2D2B90350040E1EA /* RotatedBadgeSymbol.swift */; };
		ADE840B22D2B90A40040E1EA /* Badge.swift in Sources */ = {isa = PBXBuildFile; fileRef = ADE840B12D2B90A40040E1EA /* Badge.swift */; };
		ADE840B52D2B944C0040E1EA /* hikeData.json in Resources */ = {isa = PBXBuildFile; fileRef = ADE840B42D2B944C0040E1EA /* hikeData.json */; };
		ADE840B72D2B94600040E1EA /* Hike.swift in Sources */ = {isa = PBXBuildFile; fileRef = ADE840B62D2B94600040E1EA /* Hike.swift */; };
		ADE840BF2D2CEB9D0040E1EA /* GraphCapsule.swift in Sources */ = {isa = PBXBuildFile; fileRef = ADE840BA2D2CEB9D0040E1EA /* GraphCapsule.swift */; };
		ADE840C02D2CEB9D0040E1EA /* HikeDetail.swift in Sources */ = {isa = PBXBuildFile; fileRef = ADE840BB2D2CEB9D0040E1EA /* HikeDetail.swift */; };
		ADE840C12D2CEB9D0040E1EA /* HikeGraph.swift in Sources */ = {isa = PBXBuildFile; fileRef = ADE840BC2D2CEB9D0040E1EA /* HikeGraph.swift */; };
		ADE840C22D2CEB9D0040E1EA /* HikeView.swift in Sources */ = {isa = PBXBuildFile; fileRef = ADE840BD2D2CEB9D0040E1EA /* HikeView.swift */; };
/* End PBXBuildFile section */

/* Begin PBXContainerItemProxy section */
		AD476C642D330FF6000C0136 /* PBXContainerItemProxy */ = {
			isa = PBXContainerItemProxy;
			containerPortal = ADE840592D2906120040E1EA /* Project object */;
			proxyType = 1;
			remoteGlobalIDString = AD476C532D330FF4000C0136;
			remoteInfo = "WatchLandmarks Watch App";
		};
		AD476C6E2D330FF6000C0136 /* PBXContainerItemProxy */ = {
			isa = PBXContainerItemProxy;
			containerPortal = ADE840592D2906120040E1EA /* Project object */;
			proxyType = 1;
			remoteGlobalIDString = AD476C532D330FF4000C0136;
			remoteInfo = "WatchLandmarks Watch App";
		};
		AD476C752D330FF6000C0136 /* PBXContainerItemProxy */ = {
			isa = PBXContainerItemProxy;
			containerPortal = ADE840592D2906120040E1EA /* Project object */;
			proxyType = 1;
			remoteGlobalIDString = AD476C532D330FF4000C0136;
			remoteInfo = "WatchLandmarks Watch App";
		};
		AD476CAC2D333FCA000C0136 /* PBXContainerItemProxy */ = {
			isa = PBXContainerItemProxy;
			containerPortal = ADE840592D2906120040E1EA /* Project object */;
			proxyType = 1;
			remoteGlobalIDString = AD476C9A2D333FC8000C0136;
			remoteInfo = MacLandmarks;
		};
		AD476CB62D333FCA000C0136 /* PBXContainerItemProxy */ = {
			isa = PBXContainerItemProxy;
			containerPortal = ADE840592D2906120040E1EA /* Project object */;
			proxyType = 1;
			remoteGlobalIDString = AD476C9A2D333FC8000C0136;
			remoteInfo = MacLandmarks;
		};
		ADE840722D2906130040E1EA /* PBXContainerItemProxy */ = {
			isa = PBXContainerItemProxy;
			containerPortal = ADE840592D2906120040E1EA /* Project object */;
			proxyType = 1;
			remoteGlobalIDString = ADE840602D2906120040E1EA;
			remoteInfo = Landmarks;
		};
		ADE8407C2D2906130040E1EA /* PBXContainerItemProxy */ = {
			isa = PBXContainerItemProxy;
			containerPortal = ADE840592D2906120040E1EA /* Project object */;
			proxyType = 1;
			remoteGlobalIDString = ADE840602D2906120040E1EA;
			remoteInfo = Landmarks;
		};
/* End PBXContainerItemProxy section */

/* Begin PBXCopyFilesBuildPhase section */
		AD476C7B2D330FF6000C0136 /* Embed Watch Content */ = {
			isa = PBXCopyFilesBuildPhase;
			buildActionMask = 2147483647;
			dstPath = "$(CONTENTS_FOLDER_PATH)/Watch";
			dstSubfolderSpec = 16;
			files = (
				AD476C772D330FF6000C0136 /* WatchLandmarks Watch App.app in Embed Watch Content */,
			);
			name = "Embed Watch Content";
			runOnlyForDeploymentPostprocessing = 0;
		};
/* End PBXCopyFilesBuildPhase section */

/* Begin PBXFileReference section */
		AD476C432D322E21000C0136 /* HikeBadge.swift */ = {isa = PBXFileReference; lastKnownFileType = sourcecode.swift; path = HikeBadge.swift; sourceTree = "<group>"; };
		AD476C452D32F311000C0136 /* ProfileEditor.swift */ = {isa = PBXFileReference; lastKnownFileType = sourcecode.swift; path = ProfileEditor.swift; sourceTree = "<group>"; };
		AD476C482D32FA0D000C0136 /* PageViewController.swift */ = {isa = PBXFileReference; lastKnownFileType = sourcecode.swift; path = PageViewController.swift; sourceTree = "<group>"; };
		AD476C4A2D32FC28000C0136 /* FeatureCard.swift */ = {isa = PBXFileReference; lastKnownFileType = sourcecode.swift; path = FeatureCard.swift; sourceTree = "<group>"; };
		AD476C4C2D32FE26000C0136 /* PageView.swift */ = {isa = PBXFileReference; lastKnownFileType = sourcecode.swift; path = PageView.swift; sourceTree = "<group>"; };
		AD476C4E2D330B81000C0136 /* PageControl.swift */ = {isa = PBXFileReference; lastKnownFileType = sourcecode.swift; path = PageControl.swift; sourceTree = "<group>"; };
		AD476C542D330FF4000C0136 /* WatchLandmarks Watch App.app */ = {isa = PBXFileReference; explicitFileType = wrapper.application; includeInIndex = 0; path = "WatchLandmarks Watch App.app"; sourceTree = BUILT_PRODUCTS_DIR; };
		AD476C582D330FF5000C0136 /* ContentView.swift */ = {isa = PBXFileReference; lastKnownFileType = sourcecode.swift; path = ContentView.swift; sourceTree = "<group>"; };
		AD476C5A2D330FF6000C0136 /* Assets.xcassets */ = {isa = PBXFileReference; lastKnownFileType = folder.assetcatalog; path = Assets.xcassets; sourceTree = "<group>"; };
		AD476C5D2D330FF6000C0136 /* Preview Assets.xcassets */ = {isa = PBXFileReference; lastKnownFileType = folder.assetcatalog; path = "Preview Assets.xcassets"; sourceTree = "<group>"; };
		AD476C632D330FF6000C0136 /* WatchLandmarks Watch AppTests.xctest */ = {isa = PBXFileReference; explicitFileType = wrapper.cfbundle; includeInIndex = 0; path = "WatchLandmarks Watch AppTests.xctest"; sourceTree = BUILT_PRODUCTS_DIR; };
		AD476C672D330FF6000C0136 /* WatchLandmarks_Watch_AppTests.swift */ = {isa = PBXFileReference; lastKnownFileType = sourcecode.swift; path = WatchLandmarks_Watch_AppTests.swift; sourceTree = "<group>"; };
		AD476C6D2D330FF6000C0136 /* WatchLandmarks Watch AppUITests.xctest */ = {isa = PBXFileReference; explicitFileType = wrapper.cfbundle; includeInIndex = 0; path = "WatchLandmarks Watch AppUITests.xctest"; sourceTree = BUILT_PRODUCTS_DIR; };
		AD476C712D330FF6000C0136 /* WatchLandmarks_Watch_AppUITests.swift */ = {isa = PBXFileReference; lastKnownFileType = sourcecode.swift; path = WatchLandmarks_Watch_AppUITests.swift; sourceTree = "<group>"; };
		AD476C732D330FF6000C0136 /* WatchLandmarks_Watch_AppUITestsLaunchTests.swift */ = {isa = PBXFileReference; lastKnownFileType = sourcecode.swift; path = WatchLandmarks_Watch_AppUITestsLaunchTests.swift; sourceTree = "<group>"; };
		AD476C8E2D331275000C0136 /* LandmarkDetail.swift */ = {isa = PBXFileReference; lastKnownFileType = sourcecode.swift; path = LandmarkDetail.swift; sourceTree = "<group>"; };
		AD476C902D331715000C0136 /* NotificationView.swift */ = {isa = PBXFileReference; lastKnownFileType = sourcecode.swift; path = NotificationView.swift; sourceTree = "<group>"; };
		AD476C922D331884000C0136 /* NotificationController.swift */ = {isa = PBXFileReference; lastKnownFileType = sourcecode.swift; path = NotificationController.swift; sourceTree = "<group>"; };
		AD476C942D331BFD000C0136 /* PushNotificationPayload.apns */ = {isa = PBXFileReference; lastKnownFileType = text; path = PushNotificationPayload.apns; sourceTree = "<group>"; };
		AD476C952D333D4B000C0136 /* LandmarkList.swift */ = {isa = PBXFileReference; lastKnownFileType = sourcecode.swift; path = LandmarkList.swift; sourceTree = "<group>"; };
		AD476C9B2D333FC8000C0136 /* MacLandmarks.app */ = {isa = PBXFileReference; explicitFileType = wrapper.application; includeInIndex = 0; path = MacLandmarks.app; sourceTree = BUILT_PRODUCTS_DIR; };
		AD476C9F2D333FC8000C0136 /* ContentView.swift */ = {isa = PBXFileReference; lastKnownFileType = sourcecode.swift; path = ContentView.swift; sourceTree = "<group>"; };
		AD476CA12D333FCA000C0136 /* Assets.xcassets */ = {isa = PBXFileReference; lastKnownFileType = folder.assetcatalog; path = Assets.xcassets; sourceTree = "<group>"; };
		AD476CA42D333FCA000C0136 /* Preview Assets.xcassets */ = {isa = PBXFileReference; lastKnownFileType = folder.assetcatalog; path = "Preview Assets.xcassets"; sourceTree = "<group>"; };
		AD476CA62D333FCA000C0136 /* MacLandmarks.entitlements */ = {isa = PBXFileReference; lastKnownFileType = text.plist.entitlements; path = MacLandmarks.entitlements; sourceTree = "<group>"; };
		AD476CAB2D333FCA000C0136 /* MacLandmarksTests.xctest */ = {isa = PBXFileReference; explicitFileType = wrapper.cfbundle; includeInIndex = 0; path = MacLandmarksTests.xctest; sourceTree = BUILT_PRODUCTS_DIR; };
		AD476CAF2D333FCA000C0136 /* MacLandmarksTests.swift */ = {isa = PBXFileReference; lastKnownFileType = sourcecode.swift; path = MacLandmarksTests.swift; sourceTree = "<group>"; };
		AD476CB52D333FCA000C0136 /* MacLandmarksUITests.xctest */ = {isa = PBXFileReference; explicitFileType = wrapper.cfbundle; includeInIndex = 0; path = MacLandmarksUITests.xctest; sourceTree = BUILT_PRODUCTS_DIR; };
		AD476CB92D333FCA000C0136 /* MacLandmarksUITests.swift */ = {isa = PBXFileReference; lastKnownFileType = sourcecode.swift; path = MacLandmarksUITests.swift; sourceTree = "<group>"; };
		AD476CBB2D333FCA000C0136 /* MacLandmarksUITestsLaunchTests.swift */ = {isa = PBXFileReference; lastKnownFileType = sourcecode.swift; path = MacLandmarksUITestsLaunchTests.swift; sourceTree = "<group>"; };
		AD476CD32D334190000C0136 /* LandmarkDetail.swift */ = {isa = PBXFileReference; lastKnownFileType = sourcecode.swift; path = LandmarkDetail.swift; sourceTree = "<group>"; };
		AD476CD62D3384AF000C0136 /* LandmarkCommands.swift */ = {isa = PBXFileReference; lastKnownFileType = sourcecode.swift; name = LandmarkCommands.swift; path = Landmarks/Views/Landmarks/LandmarkCommands.swift; sourceTree = SOURCE_ROOT; };
		AD50F1AD2D2F8AB40076947E /* CategoryHome.swift */ = {isa = PBXFileReference; lastKnownFileType = sourcecode.swift; path = CategoryHome.swift; sourceTree = "<group>"; };
		AD50F1AF2D2F9BCF0076947E /* CategoryRow.swift */ = {isa = PBXFileReference; lastKnownFileType = sourcecode.swift; path = CategoryRow.swift; sourceTree = "<group>"; };
		AD50F1B12D2F9F400076947E /* CategoryItem.swift */ = {isa = PBXFileReference; lastKnownFileType = sourcecode.swift; path = CategoryItem.swift; sourceTree = "<group>"; };
		AD50F1B32D2FAC7F0076947E /* Profile.swift */ = {isa = PBXFileReference; lastKnownFileType = sourcecode.swift; path = Profile.swift; sourceTree = "<group>"; };
		AD50F1B62D2FAD240076947E /* ProfileHost.swift */ = {isa = PBXFileReference; lastKnownFileType = sourcecode.swift; path = ProfileHost.swift; sourceTree = "<group>"; };
		AD50F1B82D2FAE650076947E /* ProfileSummary.swift */ = {isa = PBXFileReference; lastKnownFileType = sourcecode.swift; path = ProfileSummary.swift; sourceTree = "<group>"; };
		ADE840612D2906120040E1EA /* Landmarks.app */ = {isa = PBXFileReference; explicitFileType = wrapper.application; includeInIndex = 0; path = Landmarks.app; sourceTree = BUILT_PRODUCTS_DIR; };
		ADE840642D2906120040E1EA /* LandmarksApp.swift */ = {isa = PBXFileReference; lastKnownFileType = sourcecode.swift; path = LandmarksApp.swift; sourceTree = "<group>"; };
		ADE840662D2906120040E1EA /* ContentView.swift */ = {isa = PBXFileReference; lastKnownFileType = sourcecode.swift; path = ContentView.swift; sourceTree = "<group>"; };
		ADE840682D2906130040E1EA /* Assets.xcassets */ = {isa = PBXFileReference; lastKnownFileType = folder.assetcatalog; path = Assets.xcassets; sourceTree = "<group>"; };
		ADE8406B2D2906130040E1EA /* Preview Assets.xcassets */ = {isa = PBXFileReference; lastKnownFileType = folder.assetcatalog; path = "Preview Assets.xcassets"; sourceTree = "<group>"; };
		ADE840712D2906130040E1EA /* LandmarksTests.xctest */ = {isa = PBXFileReference; explicitFileType = wrapper.cfbundle; includeInIndex = 0; path = LandmarksTests.xctest; sourceTree = BUILT_PRODUCTS_DIR; };
		ADE840752D2906130040E1EA /* LandmarksTests.swift */ = {isa = PBXFileReference; lastKnownFileType = sourcecode.swift; path = LandmarksTests.swift; sourceTree = "<group>"; };
		ADE8407B2D2906130040E1EA /* LandmarksUITests.xctest */ = {isa = PBXFileReference; explicitFileType = wrapper.cfbundle; includeInIndex = 0; path = LandmarksUITests.xctest; sourceTree = BUILT_PRODUCTS_DIR; };
		ADE8407F2D2906130040E1EA /* LandmarksUITests.swift */ = {isa = PBXFileReference; lastKnownFileType = sourcecode.swift; path = LandmarksUITests.swift; sourceTree = "<group>"; };
		ADE840812D2906130040E1EA /* LandmarksUITestsLaunchTests.swift */ = {isa = PBXFileReference; lastKnownFileType = sourcecode.swift; path = LandmarksUITestsLaunchTests.swift; sourceTree = "<group>"; };
		ADE8408E2D2A17800040E1EA /* CircleImage.swift */ = {isa = PBXFileReference; lastKnownFileType = sourcecode.swift; path = CircleImage.swift; sourceTree = "<group>"; };
		ADE840902D2A18190040E1EA /* MapView.swift */ = {isa = PBXFileReference; lastKnownFileType = sourcecode.swift; path = MapView.swift; sourceTree = "<group>"; };
		ADE840922D2A1D740040E1EA /* landmarkData.json */ = {isa = PBXFileReference; fileEncoding = 4; lastKnownFileType = text.json; path = landmarkData.json; sourceTree = "<group>"; };
		ADE840942D2A1DA30040E1EA /* Landmark.swift */ = {isa = PBXFileReference; lastKnownFileType = sourcecode.swift; path = Landmark.swift; sourceTree = "<group>"; };
		ADE840962D2A1F170040E1EA /* ModelData.swift */ = {isa = PBXFileReference; lastKnownFileType = sourcecode.swift; path = ModelData.swift; sourceTree = "<group>"; };
		ADE8409B2D2A22C60040E1EA /* LandmarkRow.swift */ = {isa = PBXFileReference; lastKnownFileType = sourcecode.swift; path = LandmarkRow.swift; sourceTree = "<group>"; };
		ADE8409D2D2AADDE0040E1EA /* LandmarkList.swift */ = {isa = PBXFileReference; lastKnownFileType = sourcecode.swift; path = LandmarkList.swift; sourceTree = "<group>"; };
		ADE8409F2D2AAF8C0040E1EA /* LandmarkDetail.swift */ = {isa = PBXFileReference; lastKnownFileType = sourcecode.swift; path = LandmarkDetail.swift; sourceTree = "<group>"; };
		ADE840A32D2B823F0040E1EA /* FavoriteButton.swift */ = {isa = PBXFileReference; lastKnownFileType = sourcecode.swift; path = FavoriteButton.swift; sourceTree = "<group>"; };
		ADE840A92D2B87500040E1EA /* HexagonParameters.swift */ = {isa = PBXFileReference; lastKnownFileType = sourcecode.swift; path = HexagonParameters.swift; sourceTree = "<group>"; };
		ADE840AB2D2B87E70040E1EA /* BadgeBackground.swift */ = {isa = PBXFileReference; lastKnownFileType = sourcecode.swift; path = BadgeBackground.swift; sourceTree = "<group>"; };
		ADE840AD2D2B8DCA0040E1EA /* BadgeSymbol.swift */ = {isa = PBXFileReference; lastKnownFileType = sourcecode.swift; path = BadgeSymbol.swift; sourceTree = "<group>"; };
		ADE840AF2D2B90350040E1EA /* RotatedBadgeSymbol.swift */ = {isa = PBXFileReference; lastKnownFileType = sourcecode.swift; path = RotatedBadgeSymbol.swift; sourceTree = "<group>"; };
		ADE840B12D2B90A40040E1EA /* Badge.swift */ = {isa = PBXFileReference; lastKnownFileType = sourcecode.swift; path = Badge.swift; sourceTree = "<group>"; };
		ADE840B42D2B944C0040E1EA /* hikeData.json */ = {isa = PBXFileReference; fileEncoding = 4; lastKnownFileType = text.json; path = hikeData.json; sourceTree = "<group>"; };
		ADE840B62D2B94600040E1EA /* Hike.swift */ = {isa = PBXFileReference; lastKnownFileType = sourcecode.swift; path = Hike.swift; sourceTree = "<group>"; };
		ADE840BA2D2CEB9D0040E1EA /* GraphCapsule.swift */ = {isa = PBXFileReference; fileEncoding = 4; lastKnownFileType = sourcecode.swift; path = GraphCapsule.swift; sourceTree = "<group>"; };
		ADE840BB2D2CEB9D0040E1EA /* HikeDetail.swift */ = {isa = PBXFileReference; fileEncoding = 4; lastKnownFileType = sourcecode.swift; path = HikeDetail.swift; sourceTree = "<group>"; };
		ADE840BC2D2CEB9D0040E1EA /* HikeGraph.swift */ = {isa = PBXFileReference; fileEncoding = 4; lastKnownFileType = sourcecode.swift; path = HikeGraph.swift; sourceTree = "<group>"; };
		ADE840BD2D2CEB9D0040E1EA /* HikeView.swift */ = {isa = PBXFileReference; fileEncoding = 4; lastKnownFileType = sourcecode.swift; path = HikeView.swift; sourceTree = "<group>"; };
/* End PBXFileReference section */

/* Begin PBXFrameworksBuildPhase section */
		AD476C512D330FF4000C0136 /* Frameworks */ = {
			isa = PBXFrameworksBuildPhase;
			buildActionMask = 2147483647;
			files = (
			);
			runOnlyForDeploymentPostprocessing = 0;
		};
		AD476C602D330FF6000C0136 /* Frameworks */ = {
			isa = PBXFrameworksBuildPhase;
			buildActionMask = 2147483647;
			files = (
			);
			runOnlyForDeploymentPostprocessing = 0;
		};
		AD476C6A2D330FF6000C0136 /* Frameworks */ = {
			isa = PBXFrameworksBuildPhase;
			buildActionMask = 2147483647;
			files = (
			);
			runOnlyForDeploymentPostprocessing = 0;
		};
		AD476C982D333FC8000C0136 /* Frameworks */ = {
			isa = PBXFrameworksBuildPhase;
			buildActionMask = 2147483647;
			files = (
			);
			runOnlyForDeploymentPostprocessing = 0;
		};
		AD476CA82D333FCA000C0136 /* Frameworks */ = {
			isa = PBXFrameworksBuildPhase;
			buildActionMask = 2147483647;
			files = (
			);
			runOnlyForDeploymentPostprocessing = 0;
		};
		AD476CB22D333FCA000C0136 /* Frameworks */ = {
			isa = PBXFrameworksBuildPhase;
			buildActionMask = 2147483647;
			files = (
			);
			runOnlyForDeploymentPostprocessing = 0;
		};
		ADE8405E2D2906120040E1EA /* Frameworks */ = {
			isa = PBXFrameworksBuildPhase;
			buildActionMask = 2147483647;
			files = (
			);
			runOnlyForDeploymentPostprocessing = 0;
		};
		ADE8406E2D2906130040E1EA /* Frameworks */ = {
			isa = PBXFrameworksBuildPhase;
			buildActionMask = 2147483647;
			files = (
			);
			runOnlyForDeploymentPostprocessing = 0;
		};
		ADE840782D2906130040E1EA /* Frameworks */ = {
			isa = PBXFrameworksBuildPhase;
			buildActionMask = 2147483647;
			files = (
			);
			runOnlyForDeploymentPostprocessing = 0;
		};
/* End PBXFrameworksBuildPhase section */

/* Begin PBXGroup section */
		AD476C472D32F9F5000C0136 /* PageView */ = {
			isa = PBXGroup;
			children = (
				AD476C482D32FA0D000C0136 /* PageViewController.swift */,
				AD476C4A2D32FC28000C0136 /* FeatureCard.swift */,
				AD476C4C2D32FE26000C0136 /* PageView.swift */,
				AD476C4E2D330B81000C0136 /* PageControl.swift */,
			);
			path = PageView;
			sourceTree = "<group>";
		};
		AD476C552D330FF5000C0136 /* WatchLandmarks Watch App */ = {
			isa = PBXGroup;
			children = (
				AD476C582D330FF5000C0136 /* ContentView.swift */,
				AD476C5A2D330FF6000C0136 /* Assets.xcassets */,
				AD476C5C2D330FF6000C0136 /* Preview Content */,
				AD476C8E2D331275000C0136 /* LandmarkDetail.swift */,
				AD476C902D331715000C0136 /* NotificationView.swift */,
				AD476C922D331884000C0136 /* NotificationController.swift */,
				AD476C942D331BFD000C0136 /* PushNotificationPayload.apns */,
				AD476C952D333D4B000C0136 /* LandmarkList.swift */,
			);
			path = "WatchLandmarks Watch App";
			sourceTree = "<group>";
		};
		AD476C5C2D330FF6000C0136 /* Preview Content */ = {
			isa = PBXGroup;
			children = (
				AD476C5D2D330FF6000C0136 /* Preview Assets.xcassets */,
			);
			path = "Preview Content";
			sourceTree = "<group>";
		};
		AD476C662D330FF6000C0136 /* WatchLandmarks Watch AppTests */ = {
			isa = PBXGroup;
			children = (
				AD476C672D330FF6000C0136 /* WatchLandmarks_Watch_AppTests.swift */,
			);
			path = "WatchLandmarks Watch AppTests";
			sourceTree = "<group>";
		};
		AD476C702D330FF6000C0136 /* WatchLandmarks Watch AppUITests */ = {
			isa = PBXGroup;
			children = (
				AD476C712D330FF6000C0136 /* WatchLandmarks_Watch_AppUITests.swift */,
				AD476C732D330FF6000C0136 /* WatchLandmarks_Watch_AppUITestsLaunchTests.swift */,
			);
			path = "WatchLandmarks Watch AppUITests";
			sourceTree = "<group>";
		};
		AD476C9C2D333FC8000C0136 /* MacLandmarks */ = {
			isa = PBXGroup;
			children = (
				AD476CD62D3384AF000C0136 /* LandmarkCommands.swift */,
				AD476C9F2D333FC8000C0136 /* ContentView.swift */,
				AD476CA12D333FCA000C0136 /* Assets.xcassets */,
				AD476CA62D333FCA000C0136 /* MacLandmarks.entitlements */,
				AD476CA32D333FCA000C0136 /* Preview Content */,
				AD476CD32D334190000C0136 /* LandmarkDetail.swift */,
			);
			path = MacLandmarks;
			sourceTree = "<group>";
		};
		AD476CA32D333FCA000C0136 /* Preview Content */ = {
			isa = PBXGroup;
			children = (
				AD476CA42D333FCA000C0136 /* Preview Assets.xcassets */,
			);
			path = "Preview Content";
			sourceTree = "<group>";
		};
		AD476CAE2D333FCA000C0136 /* MacLandmarksTests */ = {
			isa = PBXGroup;
			children = (
				AD476CAF2D333FCA000C0136 /* MacLandmarksTests.swift */,
			);
			path = MacLandmarksTests;
			sourceTree = "<group>";
		};
		AD476CB82D333FCA000C0136 /* MacLandmarksUITests */ = {
			isa = PBXGroup;
			children = (
				AD476CB92D333FCA000C0136 /* MacLandmarksUITests.swift */,
				AD476CBB2D333FCA000C0136 /* MacLandmarksUITestsLaunchTests.swift */,
			);
			path = MacLandmarksUITests;
			sourceTree = "<group>";
		};
		AD50F1AC2D2F8AA20076947E /* Categories */ = {
			isa = PBXGroup;
			children = (
				AD50F1AD2D2F8AB40076947E /* CategoryHome.swift */,
				AD50F1AF2D2F9BCF0076947E /* CategoryRow.swift */,
				AD50F1B12D2F9F400076947E /* CategoryItem.swift */,
			);
			path = Categories;
			sourceTree = "<group>";
		};
		AD50F1B52D2FAD140076947E /* Profiles */ = {
			isa = PBXGroup;
			children = (
				AD50F1B62D2FAD240076947E /* ProfileHost.swift */,
				AD50F1B82D2FAE650076947E /* ProfileSummary.swift */,
				AD476C452D32F311000C0136 /* ProfileEditor.swift */,
			);
			path = Profiles;
			sourceTree = "<group>";
		};
		ADE840582D2906120040E1EA = {
			isa = PBXGroup;
			children = (
				ADE840632D2906120040E1EA /* Landmarks */,
				ADE840742D2906130040E1EA /* LandmarksTests */,
				ADE8407E2D2906130040E1EA /* LandmarksUITests */,
				AD476C552D330FF5000C0136 /* WatchLandmarks Watch App */,
				AD476C702D330FF6000C0136 /* WatchLandmarks Watch AppUITests */,
				AD476C9C2D333FC8000C0136 /* MacLandmarks */,
				AD476CAE2D333FCA000C0136 /* MacLandmarksTests */,
				AD476CB82D333FCA000C0136 /* MacLandmarksUITests */,
				ADE840622D2906120040E1EA /* Products */,
			);
			sourceTree = "<group>";
		};
		ADE840622D2906120040E1EA /* Products */ = {
			isa = PBXGroup;
			children = (
				ADE840612D2906120040E1EA /* Landmarks.app */,
				ADE840712D2906130040E1EA /* LandmarksTests.xctest */,
				ADE8407B2D2906130040E1EA /* LandmarksUITests.xctest */,
				AD476C542D330FF4000C0136 /* WatchLandmarks Watch App.app */,
				AD476C632D330FF6000C0136 /* WatchLandmarks Watch AppTests.xctest */,
				AD476C6D2D330FF6000C0136 /* WatchLandmarks Watch AppUITests.xctest */,
				AD476C9B2D333FC8000C0136 /* MacLandmarks.app */,
				AD476CAB2D333FCA000C0136 /* MacLandmarksTests.xctest */,
				AD476CB52D333FCA000C0136 /* MacLandmarksUITests.xctest */,
			);
			name = Products;
			sourceTree = "<group>";
		};
		ADE840632D2906120040E1EA /* Landmarks */ = {
			isa = PBXGroup;
			children = (
				ADE840642D2906120040E1EA /* LandmarksApp.swift */,
				ADE8409A2D2A21450040E1EA /* Model */,
				ADE840992D2A213C0040E1EA /* Views */,
				ADE840982D2A21300040E1EA /* Resources */,
				ADE840682D2906130040E1EA /* Assets.xcassets */,
				ADE8406A2D2906130040E1EA /* Preview Content */,
			);
			path = Landmarks;
			sourceTree = "<group>";
		};
		ADE8406A2D2906130040E1EA /* Preview Content */ = {
			isa = PBXGroup;
			children = (
				ADE8406B2D2906130040E1EA /* Preview Assets.xcassets */,
			);
			path = "Preview Content";
			sourceTree = "<group>";
		};
		ADE840742D2906130040E1EA /* LandmarksTests */ = {
			isa = PBXGroup;
			children = (
				AD476C662D330FF6000C0136 /* WatchLandmarks Watch AppTests */,
				ADE840752D2906130040E1EA /* LandmarksTests.swift */,
			);
			path = LandmarksTests;
			sourceTree = "<group>";
		};
		ADE8407E2D2906130040E1EA /* LandmarksUITests */ = {
			isa = PBXGroup;
			children = (
				ADE8407F2D2906130040E1EA /* LandmarksUITests.swift */,
				ADE840812D2906130040E1EA /* LandmarksUITestsLaunchTests.swift */,
			);
			path = LandmarksUITests;
			sourceTree = "<group>";
		};
		ADE840982D2A21300040E1EA /* Resources */ = {
			isa = PBXGroup;
			children = (
				ADE840B42D2B944C0040E1EA /* hikeData.json */,
				ADE840922D2A1D740040E1EA /* landmarkData.json */,
			);
			path = Resources;
			sourceTree = "<group>";
		};
		ADE840992D2A213C0040E1EA /* Views */ = {
			isa = PBXGroup;
			children = (
				ADE840662D2906120040E1EA /* ContentView.swift */,
				AD476C472D32F9F5000C0136 /* PageView */,
				AD50F1B52D2FAD140076947E /* Profiles */,
				AD50F1AC2D2F8AA20076947E /* Categories */,
				ADE840BE2D2CEB9D0040E1EA /* Hikes */,
				ADE840A72D2B84460040E1EA /* Landmarks */,
				ADE840B32D2B92ED0040E1EA /* Badges */,
				ADE840A82D2B84550040E1EA /* Helper */,
			);
			path = Views;
			sourceTree = "<group>";
		};
		ADE8409A2D2A21450040E1EA /* Model */ = {
			isa = PBXGroup;
			children = (
				ADE840942D2A1DA30040E1EA /* Landmark.swift */,
				ADE840962D2A1F170040E1EA /* ModelData.swift */,
				ADE840B62D2B94600040E1EA /* Hike.swift */,
				AD50F1B32D2FAC7F0076947E /* Profile.swift */,
			);
			path = Model;
			sourceTree = "<group>";
		};
		ADE840A72D2B84460040E1EA /* Landmarks */ = {
			isa = PBXGroup;
			children = (
				ADE8409B2D2A22C60040E1EA /* LandmarkRow.swift */,
				ADE8409D2D2AADDE0040E1EA /* LandmarkList.swift */,
				ADE8409F2D2AAF8C0040E1EA /* LandmarkDetail.swift */,
			);
			path = Landmarks;
			sourceTree = "<group>";
		};
		ADE840A82D2B84550040E1EA /* Helper */ = {
			isa = PBXGroup;
			children = (
				ADE8408E2D2A17800040E1EA /* CircleImage.swift */,
				ADE840902D2A18190040E1EA /* MapView.swift */,
				ADE840A32D2B823F0040E1EA /* FavoriteButton.swift */,
			);
			path = Helper;
			sourceTree = "<group>";
		};
		ADE840B32D2B92ED0040E1EA /* Badges */ = {
			isa = PBXGroup;
			children = (
				AD476C432D322E21000C0136 /* HikeBadge.swift */,
				ADE840A92D2B87500040E1EA /* HexagonParameters.swift */,
				ADE840AB2D2B87E70040E1EA /* BadgeBackground.swift */,
				ADE840AD2D2B8DCA0040E1EA /* BadgeSymbol.swift */,
				ADE840B12D2B90A40040E1EA /* Badge.swift */,
				ADE840AF2D2B90350040E1EA /* RotatedBadgeSymbol.swift */,
			);
			path = Badges;
			sourceTree = "<group>";
		};
		ADE840BE2D2CEB9D0040E1EA /* Hikes */ = {
			isa = PBXGroup;
			children = (
				ADE840BA2D2CEB9D0040E1EA /* GraphCapsule.swift */,
				ADE840BB2D2CEB9D0040E1EA /* HikeDetail.swift */,
				ADE840BC2D2CEB9D0040E1EA /* HikeGraph.swift */,
				ADE840BD2D2CEB9D0040E1EA /* HikeView.swift */,
			);
			path = Hikes;
			sourceTree = "<group>";
		};
/* End PBXGroup section */

/* Begin PBXNativeTarget section */
		AD476C532D330FF4000C0136 /* WatchLandmarks Watch App */ = {
			isa = PBXNativeTarget;
			buildConfigurationList = AD476C782D330FF6000C0136 /* Build configuration list for PBXNativeTarget "WatchLandmarks Watch App" */;
			buildPhases = (
				AD476C502D330FF4000C0136 /* Sources */,
				AD476C512D330FF4000C0136 /* Frameworks */,
				AD476C522D330FF4000C0136 /* Resources */,
			);
			buildRules = (
			);
			dependencies = (
			);
			name = "WatchLandmarks Watch App";
			productName = "WatchLandmarks Watch App";
			productReference = AD476C542D330FF4000C0136 /* WatchLandmarks Watch App.app */;
			productType = "com.apple.product-type.application";
		};
		AD476C622D330FF6000C0136 /* WatchLandmarks Watch AppTests */ = {
			isa = PBXNativeTarget;
			buildConfigurationList = AD476C7C2D330FF6000C0136 /* Build configuration list for PBXNativeTarget "WatchLandmarks Watch AppTests" */;
			buildPhases = (
				AD476C5F2D330FF6000C0136 /* Sources */,
				AD476C602D330FF6000C0136 /* Frameworks */,
				AD476C612D330FF6000C0136 /* Resources */,
			);
			buildRules = (
			);
			dependencies = (
				AD476C652D330FF6000C0136 /* PBXTargetDependency */,
			);
			name = "WatchLandmarks Watch AppTests";
			productName = "WatchLandmarks Watch AppTests";
			productReference = AD476C632D330FF6000C0136 /* WatchLandmarks Watch AppTests.xctest */;
			productType = "com.apple.product-type.bundle.unit-test";
		};
		AD476C6C2D330FF6000C0136 /* WatchLandmarks Watch AppUITests */ = {
			isa = PBXNativeTarget;
			buildConfigurationList = AD476C7F2D330FF6000C0136 /* Build configuration list for PBXNativeTarget "WatchLandmarks Watch AppUITests" */;
			buildPhases = (
				AD476C692D330FF6000C0136 /* Sources */,
				AD476C6A2D330FF6000C0136 /* Frameworks */,
				AD476C6B2D330FF6000C0136 /* Resources */,
			);
			buildRules = (
			);
			dependencies = (
				AD476C6F2D330FF6000C0136 /* PBXTargetDependency */,
			);
			name = "WatchLandmarks Watch AppUITests";
			productName = "WatchLandmarks Watch AppUITests";
			productReference = AD476C6D2D330FF6000C0136 /* WatchLandmarks Watch AppUITests.xctest */;
			productType = "com.apple.product-type.bundle.ui-testing";
		};
		AD476C9A2D333FC8000C0136 /* MacLandmarks */ = {
			isa = PBXNativeTarget;
			buildConfigurationList = AD476CBD2D333FCA000C0136 /* Build configuration list for PBXNativeTarget "MacLandmarks" */;
			buildPhases = (
				AD476C972D333FC8000C0136 /* Sources */,
				AD476C982D333FC8000C0136 /* Frameworks */,
				AD476C992D333FC8000C0136 /* Resources */,
			);
			buildRules = (
			);
			dependencies = (
			);
			name = MacLandmarks;
			productName = MacLandmarks;
			productReference = AD476C9B2D333FC8000C0136 /* MacLandmarks.app */;
			productType = "com.apple.product-type.application";
		};
		AD476CAA2D333FCA000C0136 /* MacLandmarksTests */ = {
			isa = PBXNativeTarget;
			buildConfigurationList = AD476CC02D333FCA000C0136 /* Build configuration list for PBXNativeTarget "MacLandmarksTests" */;
			buildPhases = (
				AD476CA72D333FCA000C0136 /* Sources */,
				AD476CA82D333FCA000C0136 /* Frameworks */,
				AD476CA92D333FCA000C0136 /* Resources */,
			);
			buildRules = (
			);
			dependencies = (
				AD476CAD2D333FCA000C0136 /* PBXTargetDependency */,
			);
			name = MacLandmarksTests;
			productName = MacLandmarksTests;
			productReference = AD476CAB2D333FCA000C0136 /* MacLandmarksTests.xctest */;
			productType = "com.apple.product-type.bundle.unit-test";
		};
		AD476CB42D333FCA000C0136 /* MacLandmarksUITests */ = {
			isa = PBXNativeTarget;
			buildConfigurationList = AD476CC32D333FCA000C0136 /* Build configuration list for PBXNativeTarget "MacLandmarksUITests" */;
			buildPhases = (
				AD476CB12D333FCA000C0136 /* Sources */,
				AD476CB22D333FCA000C0136 /* Frameworks */,
				AD476CB32D333FCA000C0136 /* Resources */,
			);
			buildRules = (
			);
			dependencies = (
				AD476CB72D333FCA000C0136 /* PBXTargetDependency */,
			);
			name = MacLandmarksUITests;
			productName = MacLandmarksUITests;
			productReference = AD476CB52D333FCA000C0136 /* MacLandmarksUITests.xctest */;
			productType = "com.apple.product-type.bundle.ui-testing";
		};
		ADE840602D2906120040E1EA /* Landmarks */ = {
			isa = PBXNativeTarget;
			buildConfigurationList = ADE840852D2906130040E1EA /* Build configuration list for PBXNativeTarget "Landmarks" */;
			buildPhases = (
				ADE8405D2D2906120040E1EA /* Sources */,
				ADE8405E2D2906120040E1EA /* Frameworks */,
				ADE8405F2D2906120040E1EA /* Resources */,
				AD476C7B2D330FF6000C0136 /* Embed Watch Content */,
			);
			buildRules = (
			);
			dependencies = (
				AD476C762D330FF6000C0136 /* PBXTargetDependency */,
			);
			name = Landmarks;
			productName = Landmarks;
			productReference = ADE840612D2906120040E1EA /* Landmarks.app */;
			productType = "com.apple.product-type.application";
		};
		ADE840702D2906130040E1EA /* LandmarksTests */ = {
			isa = PBXNativeTarget;
			buildConfigurationList = ADE840882D2906130040E1EA /* Build configuration list for PBXNativeTarget "LandmarksTests" */;
			buildPhases = (
				ADE8406D2D2906130040E1EA /* Sources */,
				ADE8406E2D2906130040E1EA /* Frameworks */,
				ADE8406F2D2906130040E1EA /* Resources */,
			);
			buildRules = (
			);
			dependencies = (
				ADE840732D2906130040E1EA /* PBXTargetDependency */,
			);
			name = LandmarksTests;
			productName = LandmarksTests;
			productReference = ADE840712D2906130040E1EA /* LandmarksTests.xctest */;
			productType = "com.apple.product-type.bundle.unit-test";
		};
		ADE8407A2D2906130040E1EA /* LandmarksUITests */ = {
			isa = PBXNativeTarget;
			buildConfigurationList = ADE8408B2D2906130040E1EA /* Build configuration list for PBXNativeTarget "LandmarksUITests" */;
			buildPhases = (
				ADE840772D2906130040E1EA /* Sources */,
				ADE840782D2906130040E1EA /* Frameworks */,
				ADE840792D2906130040E1EA /* Resources */,
			);
			buildRules = (
			);
			dependencies = (
				ADE8407D2D2906130040E1EA /* PBXTargetDependency */,
			);
			name = LandmarksUITests;
			productName = LandmarksUITests;
			productReference = ADE8407B2D2906130040E1EA /* LandmarksUITests.xctest */;
			productType = "com.apple.product-type.bundle.ui-testing";
		};
/* End PBXNativeTarget section */

/* Begin PBXProject section */
		ADE840592D2906120040E1EA /* Project object */ = {
			isa = PBXProject;
			attributes = {
				BuildIndependentTargetsInParallel = 1;
				LastSwiftUpdateCheck = 1540;
				LastUpgradeCheck = 1540;
				TargetAttributes = {
					AD476C532D330FF4000C0136 = {
						CreatedOnToolsVersion = 15.4;
					};
					AD476C622D330FF6000C0136 = {
						CreatedOnToolsVersion = 15.4;
						TestTargetID = AD476C532D330FF4000C0136;
					};
					AD476C6C2D330FF6000C0136 = {
						CreatedOnToolsVersion = 15.4;
						TestTargetID = AD476C532D330FF4000C0136;
					};
					AD476C9A2D333FC8000C0136 = {
						CreatedOnToolsVersion = 15.4;
					};
					AD476CAA2D333FCA000C0136 = {
						CreatedOnToolsVersion = 15.4;
						TestTargetID = AD476C9A2D333FC8000C0136;
					};
					AD476CB42D333FCA000C0136 = {
						CreatedOnToolsVersion = 15.4;
						TestTargetID = AD476C9A2D333FC8000C0136;
					};
					ADE840602D2906120040E1EA = {
						CreatedOnToolsVersion = 15.4;
					};
					ADE840702D2906130040E1EA = {
						CreatedOnToolsVersion = 15.4;
						TestTargetID = ADE840602D2906120040E1EA;
					};
					ADE8407A2D2906130040E1EA = {
						CreatedOnToolsVersion = 15.4;
						TestTargetID = ADE840602D2906120040E1EA;
					};
				};
			};
			buildConfigurationList = ADE8405C2D2906120040E1EA /* Build configuration list for PBXProject "Landmarks" */;
			compatibilityVersion = "Xcode 14.0";
			developmentRegion = en;
			hasScannedForEncodings = 0;
			knownRegions = (
				en,
				Base,
			);
			mainGroup = ADE840582D2906120040E1EA;
			productRefGroup = ADE840622D2906120040E1EA /* Products */;
			projectDirPath = "";
			projectRoot = "";
			targets = (
				ADE840602D2906120040E1EA /* Landmarks */,
				ADE840702D2906130040E1EA /* LandmarksTests */,
				ADE8407A2D2906130040E1EA /* LandmarksUITests */,
				AD476C532D330FF4000C0136 /* WatchLandmarks Watch App */,
				AD476C622D330FF6000C0136 /* WatchLandmarks Watch AppTests */,
				AD476C6C2D330FF6000C0136 /* WatchLandmarks Watch AppUITests */,
				AD476C9A2D333FC8000C0136 /* MacLandmarks */,
				AD476CAA2D333FCA000C0136 /* MacLandmarksTests */,
				AD476CB42D333FCA000C0136 /* MacLandmarksUITests */,
			);
		};
/* End PBXProject section */

/* Begin PBXResourcesBuildPhase section */
		AD476C522D330FF4000C0136 /* Resources */ = {
			isa = PBXResourcesBuildPhase;
			buildActionMask = 2147483647;
			files = (
				AD476C842D33117E000C0136 /* Assets.xcassets in Resources */,
				AD476C852D33117E000C0136 /* landmarkData.json in Resources */,
				AD476C862D33117E000C0136 /* hikeData.json in Resources */,
				AD476C5E2D330FF6000C0136 /* Preview Assets.xcassets in Resources */,
				AD476C5B2D330FF6000C0136 /* Assets.xcassets in Resources */,
			);
			runOnlyForDeploymentPostprocessing = 0;
		};
		AD476C612D330FF6000C0136 /* Resources */ = {
			isa = PBXResourcesBuildPhase;
			buildActionMask = 2147483647;
			files = (
			);
			runOnlyForDeploymentPostprocessing = 0;
		};
		AD476C6B2D330FF6000C0136 /* Resources */ = {
			isa = PBXResourcesBuildPhase;
			buildActionMask = 2147483647;
			files = (
			);
			runOnlyForDeploymentPostprocessing = 0;
		};
		AD476C992D333FC8000C0136 /* Resources */ = {
			isa = PBXResourcesBuildPhase;
			buildActionMask = 2147483647;
			files = (
				AD476CA52D333FCA000C0136 /* Preview Assets.xcassets in Resources */,
				AD476CA22D333FCA000C0136 /* Assets.xcassets in Resources */,
				AD476CD02D334043000C0136 /* Assets.xcassets in Resources */,
				AD476CD12D334043000C0136 /* hikeData.json in Resources */,
				AD476CD22D334043000C0136 /* landmarkData.json in Resources */,
			);
			runOnlyForDeploymentPostprocessing = 0;
		};
		AD476CA92D333FCA000C0136 /* Resources */ = {
			isa = PBXResourcesBuildPhase;
			buildActionMask = 2147483647;
			files = (
			);
			runOnlyForDeploymentPostprocessing = 0;
		};
		AD476CB32D333FCA000C0136 /* Resources */ = {
			isa = PBXResourcesBuildPhase;
			buildActionMask = 2147483647;
			files = (
			);
			runOnlyForDeploymentPostprocessing = 0;
		};
		ADE8405F2D2906120040E1EA /* Resources */ = {
			isa = PBXResourcesBuildPhase;
			buildActionMask = 2147483647;
			files = (
				ADE840B52D2B944C0040E1EA /* hikeData.json in Resources */,
				ADE8406C2D2906130040E1EA /* Preview Assets.xcassets in Resources */,
				ADE840692D2906130040E1EA /* Assets.xcassets in Resources */,
				ADE840932D2A1D740040E1EA /* landmarkData.json in Resources */,
			);
			runOnlyForDeploymentPostprocessing = 0;
		};
		ADE8406F2D2906130040E1EA /* Resources */ = {
			isa = PBXResourcesBuildPhase;
			buildActionMask = 2147483647;
			files = (
			);
			runOnlyForDeploymentPostprocessing = 0;
		};
		ADE840792D2906130040E1EA /* Resources */ = {
			isa = PBXResourcesBuildPhase;
			buildActionMask = 2147483647;
			files = (
			);
			runOnlyForDeploymentPostprocessing = 0;
		};
/* End PBXResourcesBuildPhase section */

/* Begin PBXSourcesBuildPhase section */
		AD476C502D330FF4000C0136 /* Sources */ = {
			isa = PBXSourcesBuildPhase;
			buildActionMask = 2147483647;
			files = (
				AD476C592D330FF5000C0136 /* ContentView.swift in Sources */,
				AD476C832D33111C000C0136 /* Landmark.swift in Sources */,
				AD476C962D333D4B000C0136 /* LandmarkList.swift in Sources */,
				AD476C872D3311BD000C0136 /* LandmarksApp.swift in Sources */,
				AD476C882D3311BD000C0136 /* ModelData.swift in Sources */,
				AD476C892D3311BD000C0136 /* MapView.swift in Sources */,
				AD476C8A2D3311BD000C0136 /* CircleImage.swift in Sources */,
				AD476C8B2D3311BD000C0136 /* Profile.swift in Sources */,
				AD476C8C2D3311BD000C0136 /* Hike.swift in Sources */,
				AD476C932D331884000C0136 /* NotificationController.swift in Sources */,
				AD476C8D2D3311BD000C0136 /* LandmarkRow.swift in Sources */,
				AD476C8F2D331275000C0136 /* LandmarkDetail.swift in Sources */,
				AD476C912D331715000C0136 /* NotificationView.swift in Sources */,
			);
			runOnlyForDeploymentPostprocessing = 0;
		};
		AD476C5F2D330FF6000C0136 /* Sources */ = {
			isa = PBXSourcesBuildPhase;
			buildActionMask = 2147483647;
			files = (
				AD476C682D330FF6000C0136 /* WatchLandmarks_Watch_AppTests.swift in Sources */,
			);
			runOnlyForDeploymentPostprocessing = 0;
		};
		AD476C692D330FF6000C0136 /* Sources */ = {
			isa = PBXSourcesBuildPhase;
			buildActionMask = 2147483647;
			files = (
				AD476C742D330FF6000C0136 /* WatchLandmarks_Watch_AppUITestsLaunchTests.swift in Sources */,
				AD476C722D330FF6000C0136 /* WatchLandmarks_Watch_AppUITests.swift in Sources */,
			);
			runOnlyForDeploymentPostprocessing = 0;
		};
		AD476C972D333FC8000C0136 /* Sources */ = {
			isa = PBXSourcesBuildPhase;
			buildActionMask = 2147483647;
			files = (
				AD476CC62D334043000C0136 /* Landmark.swift in Sources */,
				AD476CC72D334043000C0136 /* Hike.swift in Sources */,
				AD476CC82D334043000C0136 /* LandmarkRow.swift in Sources */,
				AD476CC92D334043000C0136 /* FavoriteButton.swift in Sources */,
				AD476CD82D3384AF000C0136 /* LandmarkCommands.swift in Sources */,
				AD476CD42D334190000C0136 /* LandmarkDetail.swift in Sources */,
				AD476CCB2D334043000C0136 /* MapView.swift in Sources */,
				AD476CCC2D334043000C0136 /* Profile.swift in Sources */,
				AD476CD52D33428A000C0136 /* LandmarkList.swift in Sources */,
				AD476CCD2D334043000C0136 /* ModelData.swift in Sources */,
				AD476CCE2D334043000C0136 /* CircleImage.swift in Sources */,
				AD476CCF2D334043000C0136 /* LandmarksApp.swift in Sources */,
				AD476CA02D333FC8000C0136 /* ContentView.swift in Sources */,
			);
			runOnlyForDeploymentPostprocessing = 0;
		};
		AD476CA72D333FCA000C0136 /* Sources */ = {
			isa = PBXSourcesBuildPhase;
			buildActionMask = 2147483647;
			files = (
				AD476CB02D333FCA000C0136 /* MacLandmarksTests.swift in Sources */,
			);
			runOnlyForDeploymentPostprocessing = 0;
		};
		AD476CB12D333FCA000C0136 /* Sources */ = {
			isa = PBXSourcesBuildPhase;
			buildActionMask = 2147483647;
			files = (
				AD476CBC2D333FCA000C0136 /* MacLandmarksUITestsLaunchTests.swift in Sources */,
				AD476CBA2D333FCA000C0136 /* MacLandmarksUITests.swift in Sources */,
			);
			runOnlyForDeploymentPostprocessing = 0;
		};
		ADE8405D2D2906120040E1EA /* Sources */ = {
			isa = PBXSourcesBuildPhase;
			buildActionMask = 2147483647;
			files = (
				AD50F1B02D2F9BCF0076947E /* CategoryRow.swift in Sources */,
				AD50F1B42D2FAC7F0076947E /* Profile.swift in Sources */,
				AD476CD72D3384AF000C0136 /* LandmarkCommands.swift in Sources */,
				ADE840672D2906120040E1EA /* ContentView.swift in Sources */,
				AD50F1AE2D2F8AB40076947E /* CategoryHome.swift in Sources */,
				AD476C4B2D32FC28000C0136 /* FeatureCard.swift in Sources */,
				ADE840B22D2B90A40040E1EA /* Badge.swift in Sources */,
				ADE840912D2A18190040E1EA /* MapView.swift in Sources */,
				ADE840972D2A1F170040E1EA /* ModelData.swift in Sources */,
				ADE840A42D2B823F0040E1EA /* FavoriteButton.swift in Sources */,
				ADE840AA2D2B87500040E1EA /* HexagonParameters.swift in Sources */,
				AD476C4F2D330B81000C0136 /* PageControl.swift in Sources */,
				ADE840C02D2CEB9D0040E1EA /* HikeDetail.swift in Sources */,
				AD50F1B22D2F9F400076947E /* CategoryItem.swift in Sources */,
				ADE840B72D2B94600040E1EA /* Hike.swift in Sources */,
				AD50F1B92D2FAE650076947E /* ProfileSummary.swift in Sources */,
				ADE840B02D2B90350040E1EA /* RotatedBadgeSymbol.swift in Sources */,
				AD50F1B72D2FAD240076947E /* ProfileHost.swift in Sources */,
				ADE840AE2D2B8DCA0040E1EA /* BadgeSymbol.swift in Sources */,
				ADE8409E2D2AADDE0040E1EA /* LandmarkList.swift in Sources */,
				AD476C4D2D32FE26000C0136 /* PageView.swift in Sources */,
				ADE840A02D2AAF8C0040E1EA /* LandmarkDetail.swift in Sources */,
				AD476C462D32F311000C0136 /* ProfileEditor.swift in Sources */,
				ADE840C12D2CEB9D0040E1EA /* HikeGraph.swift in Sources */,
				ADE840AC2D2B87E70040E1EA /* BadgeBackground.swift in Sources */,
				ADE840652D2906120040E1EA /* LandmarksApp.swift in Sources */,
				AD476C492D32FA0D000C0136 /* PageViewController.swift in Sources */,
				ADE840C22D2CEB9D0040E1EA /* HikeView.swift in Sources */,
				AD476C442D322E21000C0136 /* HikeBadge.swift in Sources */,
				ADE840BF2D2CEB9D0040E1EA /* GraphCapsule.swift in Sources */,
				ADE8408F2D2A17800040E1EA /* CircleImage.swift in Sources */,
				ADE8409C2D2A22C60040E1EA /* LandmarkRow.swift in Sources */,
				ADE840952D2A1DA30040E1EA /* Landmark.swift in Sources */,
			);
			runOnlyForDeploymentPostprocessing = 0;
		};
		ADE8406D2D2906130040E1EA /* Sources */ = {
			isa = PBXSourcesBuildPhase;
			buildActionMask = 2147483647;
			files = (
				ADE840762D2906130040E1EA /* LandmarksTests.swift in Sources */,
			);
			runOnlyForDeploymentPostprocessing = 0;
		};
		ADE840772D2906130040E1EA /* Sources */ = {
			isa = PBXSourcesBuildPhase;
			buildActionMask = 2147483647;
			files = (
				ADE840822D2906130040E1EA /* LandmarksUITestsLaunchTests.swift in Sources */,
				ADE840802D2906130040E1EA /* LandmarksUITests.swift in Sources */,
			);
			runOnlyForDeploymentPostprocessing = 0;
		};
/* End PBXSourcesBuildPhase section */

/* Begin PBXTargetDependency section */
		AD476C652D330FF6000C0136 /* PBXTargetDependency */ = {
			isa = PBXTargetDependency;
			target = AD476C532D330FF4000C0136 /* WatchLandmarks Watch App */;
			targetProxy = AD476C642D330FF6000C0136 /* PBXContainerItemProxy */;
		};
		AD476C6F2D330FF6000C0136 /* PBXTargetDependency */ = {
			isa = PBXTargetDependency;
			target = AD476C532D330FF4000C0136 /* WatchLandmarks Watch App */;
			targetProxy = AD476C6E2D330FF6000C0136 /* PBXContainerItemProxy */;
		};
		AD476C762D330FF6000C0136 /* PBXTargetDependency */ = {
			isa = PBXTargetDependency;
			target = AD476C532D330FF4000C0136 /* WatchLandmarks Watch App */;
			targetProxy = AD476C752D330FF6000C0136 /* PBXContainerItemProxy */;
		};
		AD476CAD2D333FCA000C0136 /* PBXTargetDependency */ = {
			isa = PBXTargetDependency;
			target = AD476C9A2D333FC8000C0136 /* MacLandmarks */;
			targetProxy = AD476CAC2D333FCA000C0136 /* PBXContainerItemProxy */;
		};
		AD476CB72D333FCA000C0136 /* PBXTargetDependency */ = {
			isa = PBXTargetDependency;
			target = AD476C9A2D333FC8000C0136 /* MacLandmarks */;
			targetProxy = AD476CB62D333FCA000C0136 /* PBXContainerItemProxy */;
		};
		ADE840732D2906130040E1EA /* PBXTargetDependency */ = {
			isa = PBXTargetDependency;
			target = ADE840602D2906120040E1EA /* Landmarks */;
			targetProxy = ADE840722D2906130040E1EA /* PBXContainerItemProxy */;
		};
		ADE8407D2D2906130040E1EA /* PBXTargetDependency */ = {
			isa = PBXTargetDependency;
			target = ADE840602D2906120040E1EA /* Landmarks */;
			targetProxy = ADE8407C2D2906130040E1EA /* PBXContainerItemProxy */;
		};
/* End PBXTargetDependency section */

/* Begin XCBuildConfiguration section */
		AD476C792D330FF6000C0136 /* Debug */ = {
			isa = XCBuildConfiguration;
			buildSettings = {
				ASSETCATALOG_COMPILER_APPICON_NAME = AppIcon;
				ASSETCATALOG_COMPILER_GLOBAL_ACCENT_COLOR_NAME = AccentColor;
				CODE_SIGN_STYLE = Automatic;
				CURRENT_PROJECT_VERSION = 1;
				DEVELOPMENT_ASSET_PATHS = "\"WatchLandmarks Watch App/Preview Content\"";
				ENABLE_PREVIEWS = YES;
				GENERATE_INFOPLIST_FILE = YES;
				INFOPLIST_KEY_CFBundleDisplayName = WatchLandmarks;
				INFOPLIST_KEY_UISupportedInterfaceOrientations = "UIInterfaceOrientationPortrait UIInterfaceOrientationPortraitUpsideDown";
				INFOPLIST_KEY_WKCompanionAppBundleIdentifier = floguo.Landmarks;
				INFOPLIST_KEY_WKRunsIndependentlyOfCompanionApp = YES;
				LD_RUNPATH_SEARCH_PATHS = (
					"$(inherited)",
					"@executable_path/Frameworks",
				);
				MARKETING_VERSION = 1.0;
				PRODUCT_BUNDLE_IDENTIFIER = floguo.Landmarks.watchkitapp;
				PRODUCT_NAME = "$(TARGET_NAME)";
				SDKROOT = watchos;
				SKIP_INSTALL = YES;
				SWIFT_EMIT_LOC_STRINGS = YES;
				SWIFT_VERSION = 5.0;
				TARGETED_DEVICE_FAMILY = 4;
				WATCHOS_DEPLOYMENT_TARGET = 10.5;
			};
			name = Debug;
		};
		AD476C7A2D330FF6000C0136 /* Release */ = {
			isa = XCBuildConfiguration;
			buildSettings = {
				ASSETCATALOG_COMPILER_APPICON_NAME = AppIcon;
				ASSETCATALOG_COMPILER_GLOBAL_ACCENT_COLOR_NAME = AccentColor;
				CODE_SIGN_STYLE = Automatic;
				CURRENT_PROJECT_VERSION = 1;
				DEVELOPMENT_ASSET_PATHS = "\"WatchLandmarks Watch App/Preview Content\"";
				ENABLE_PREVIEWS = YES;
				GENERATE_INFOPLIST_FILE = YES;
				INFOPLIST_KEY_CFBundleDisplayName = WatchLandmarks;
				INFOPLIST_KEY_UISupportedInterfaceOrientations = "UIInterfaceOrientationPortrait UIInterfaceOrientationPortraitUpsideDown";
				INFOPLIST_KEY_WKCompanionAppBundleIdentifier = floguo.Landmarks;
				INFOPLIST_KEY_WKRunsIndependentlyOfCompanionApp = YES;
				LD_RUNPATH_SEARCH_PATHS = (
					"$(inherited)",
					"@executable_path/Frameworks",
				);
				MARKETING_VERSION = 1.0;
				PRODUCT_BUNDLE_IDENTIFIER = floguo.Landmarks.watchkitapp;
				PRODUCT_NAME = "$(TARGET_NAME)";
				SDKROOT = watchos;
				SKIP_INSTALL = YES;
				SWIFT_EMIT_LOC_STRINGS = YES;
				SWIFT_VERSION = 5.0;
				TARGETED_DEVICE_FAMILY = 4;
				WATCHOS_DEPLOYMENT_TARGET = 10.5;
			};
			name = Release;
		};
		AD476C7D2D330FF6000C0136 /* Debug */ = {
			isa = XCBuildConfiguration;
			buildSettings = {
				ALWAYS_EMBED_SWIFT_STANDARD_LIBRARIES = YES;
				BUNDLE_LOADER = "$(TEST_HOST)";
				CODE_SIGN_STYLE = Automatic;
				CURRENT_PROJECT_VERSION = 1;
				GENERATE_INFOPLIST_FILE = YES;
				MARKETING_VERSION = 1.0;
				PRODUCT_BUNDLE_IDENTIFIER = "floguo.WatchLandmarks-Watch-AppTests";
				PRODUCT_NAME = "$(TARGET_NAME)";
				SDKROOT = watchos;
				SWIFT_EMIT_LOC_STRINGS = NO;
				SWIFT_VERSION = 5.0;
				TARGETED_DEVICE_FAMILY = 4;
				TEST_HOST = "$(BUILT_PRODUCTS_DIR)/WatchLandmarks Watch App.app/$(BUNDLE_EXECUTABLE_FOLDER_PATH)/WatchLandmarks Watch App";
				WATCHOS_DEPLOYMENT_TARGET = 10.5;
			};
			name = Debug;
		};
		AD476C7E2D330FF6000C0136 /* Release */ = {
			isa = XCBuildConfiguration;
			buildSettings = {
				ALWAYS_EMBED_SWIFT_STANDARD_LIBRARIES = YES;
				BUNDLE_LOADER = "$(TEST_HOST)";
				CODE_SIGN_STYLE = Automatic;
				CURRENT_PROJECT_VERSION = 1;
				GENERATE_INFOPLIST_FILE = YES;
				MARKETING_VERSION = 1.0;
				PRODUCT_BUNDLE_IDENTIFIER = "floguo.WatchLandmarks-Watch-AppTests";
				PRODUCT_NAME = "$(TARGET_NAME)";
				SDKROOT = watchos;
				SWIFT_EMIT_LOC_STRINGS = NO;
				SWIFT_VERSION = 5.0;
				TARGETED_DEVICE_FAMILY = 4;
				TEST_HOST = "$(BUILT_PRODUCTS_DIR)/WatchLandmarks Watch App.app/$(BUNDLE_EXECUTABLE_FOLDER_PATH)/WatchLandmarks Watch App";
				WATCHOS_DEPLOYMENT_TARGET = 10.5;
			};
			name = Release;
		};
		AD476C802D330FF6000C0136 /* Debug */ = {
			isa = XCBuildConfiguration;
			buildSettings = {
				ALWAYS_EMBED_SWIFT_STANDARD_LIBRARIES = YES;
				CODE_SIGN_STYLE = Automatic;
				CURRENT_PROJECT_VERSION = 1;
				GENERATE_INFOPLIST_FILE = YES;
				MARKETING_VERSION = 1.0;
				PRODUCT_BUNDLE_IDENTIFIER = "floguo.WatchLandmarks-Watch-AppUITests";
				PRODUCT_NAME = "$(TARGET_NAME)";
				SDKROOT = watchos;
				SWIFT_EMIT_LOC_STRINGS = NO;
				SWIFT_VERSION = 5.0;
				TARGETED_DEVICE_FAMILY = 4;
				TEST_TARGET_NAME = "WatchLandmarks Watch App";
				WATCHOS_DEPLOYMENT_TARGET = 10.5;
			};
			name = Debug;
		};
		AD476C812D330FF6000C0136 /* Release */ = {
			isa = XCBuildConfiguration;
			buildSettings = {
				ALWAYS_EMBED_SWIFT_STANDARD_LIBRARIES = YES;
				CODE_SIGN_STYLE = Automatic;
				CURRENT_PROJECT_VERSION = 1;
				GENERATE_INFOPLIST_FILE = YES;
				MARKETING_VERSION = 1.0;
				PRODUCT_BUNDLE_IDENTIFIER = "floguo.WatchLandmarks-Watch-AppUITests";
				PRODUCT_NAME = "$(TARGET_NAME)";
				SDKROOT = watchos;
				SWIFT_EMIT_LOC_STRINGS = NO;
				SWIFT_VERSION = 5.0;
				TARGETED_DEVICE_FAMILY = 4;
				TEST_TARGET_NAME = "WatchLandmarks Watch App";
				WATCHOS_DEPLOYMENT_TARGET = 10.5;
			};
			name = Release;
		};
		AD476CBE2D333FCA000C0136 /* Debug */ = {
			isa = XCBuildConfiguration;
			buildSettings = {
				ASSETCATALOG_COMPILER_APPICON_NAME = AppIcon;
				ASSETCATALOG_COMPILER_GLOBAL_ACCENT_COLOR_NAME = AccentColor;
				CODE_SIGN_ENTITLEMENTS = MacLandmarks/MacLandmarks.entitlements;
				CODE_SIGN_STYLE = Automatic;
				COMBINE_HIDPI_IMAGES = YES;
				CURRENT_PROJECT_VERSION = 1;
				DEVELOPMENT_ASSET_PATHS = "\"MacLandmarks/Preview Content\"";
				ENABLE_PREVIEWS = YES;
				GENERATE_INFOPLIST_FILE = YES;
				INFOPLIST_KEY_NSHumanReadableCopyright = "";
				LD_RUNPATH_SEARCH_PATHS = (
					"$(inherited)",
					"@executable_path/../Frameworks",
				);
				MACOSX_DEPLOYMENT_TARGET = 14.3;
				MARKETING_VERSION = 1.0;
				PRODUCT_BUNDLE_IDENTIFIER = floguo.MacLandmarks;
				PRODUCT_NAME = "$(TARGET_NAME)";
				SDKROOT = macosx;
				SWIFT_EMIT_LOC_STRINGS = YES;
				SWIFT_VERSION = 5.0;
			};
			name = Debug;
		};
		AD476CBF2D333FCA000C0136 /* Release */ = {
			isa = XCBuildConfiguration;
			buildSettings = {
				ASSETCATALOG_COMPILER_APPICON_NAME = AppIcon;
				ASSETCATALOG_COMPILER_GLOBAL_ACCENT_COLOR_NAME = AccentColor;
				CODE_SIGN_ENTITLEMENTS = MacLandmarks/MacLandmarks.entitlements;
				CODE_SIGN_STYLE = Automatic;
				COMBINE_HIDPI_IMAGES = YES;
				CURRENT_PROJECT_VERSION = 1;
				DEVELOPMENT_ASSET_PATHS = "\"MacLandmarks/Preview Content\"";
				ENABLE_PREVIEWS = YES;
				GENERATE_INFOPLIST_FILE = YES;
				INFOPLIST_KEY_NSHumanReadableCopyright = "";
				LD_RUNPATH_SEARCH_PATHS = (
					"$(inherited)",
					"@executable_path/../Frameworks",
				);
				MACOSX_DEPLOYMENT_TARGET = 14.3;
				MARKETING_VERSION = 1.0;
				PRODUCT_BUNDLE_IDENTIFIER = floguo.MacLandmarks;
				PRODUCT_NAME = "$(TARGET_NAME)";
				SDKROOT = macosx;
				SWIFT_EMIT_LOC_STRINGS = YES;
				SWIFT_VERSION = 5.0;
			};
			name = Release;
		};
		AD476CC12D333FCA000C0136 /* Debug */ = {
			isa = XCBuildConfiguration;
			buildSettings = {
				ALWAYS_EMBED_SWIFT_STANDARD_LIBRARIES = YES;
				BUNDLE_LOADER = "$(TEST_HOST)";
				CODE_SIGN_STYLE = Automatic;
				CURRENT_PROJECT_VERSION = 1;
				GENERATE_INFOPLIST_FILE = YES;
				MACOSX_DEPLOYMENT_TARGET = 14.3;
				MARKETING_VERSION = 1.0;
				PRODUCT_BUNDLE_IDENTIFIER = floguo.MacLandmarksTests;
				PRODUCT_NAME = "$(TARGET_NAME)";
				SDKROOT = macosx;
				SWIFT_EMIT_LOC_STRINGS = NO;
				SWIFT_VERSION = 5.0;
				TEST_HOST = "$(BUILT_PRODUCTS_DIR)/MacLandmarks.app/$(BUNDLE_EXECUTABLE_FOLDER_PATH)/MacLandmarks";
			};
			name = Debug;
		};
		AD476CC22D333FCA000C0136 /* Release */ = {
			isa = XCBuildConfiguration;
			buildSettings = {
				ALWAYS_EMBED_SWIFT_STANDARD_LIBRARIES = YES;
				BUNDLE_LOADER = "$(TEST_HOST)";
				CODE_SIGN_STYLE = Automatic;
				CURRENT_PROJECT_VERSION = 1;
				GENERATE_INFOPLIST_FILE = YES;
				MACOSX_DEPLOYMENT_TARGET = 14.3;
				MARKETING_VERSION = 1.0;
				PRODUCT_BUNDLE_IDENTIFIER = floguo.MacLandmarksTests;
				PRODUCT_NAME = "$(TARGET_NAME)";
				SDKROOT = macosx;
				SWIFT_EMIT_LOC_STRINGS = NO;
				SWIFT_VERSION = 5.0;
				TEST_HOST = "$(BUILT_PRODUCTS_DIR)/MacLandmarks.app/$(BUNDLE_EXECUTABLE_FOLDER_PATH)/MacLandmarks";
			};
			name = Release;
		};
		AD476CC42D333FCA000C0136 /* Debug */ = {
			isa = XCBuildConfiguration;
			buildSettings = {
				ALWAYS_EMBED_SWIFT_STANDARD_LIBRARIES = YES;
				CODE_SIGN_STYLE = Automatic;
				CURRENT_PROJECT_VERSION = 1;
				GENERATE_INFOPLIST_FILE = YES;
				MACOSX_DEPLOYMENT_TARGET = 14.3;
				MARKETING_VERSION = 1.0;
				PRODUCT_BUNDLE_IDENTIFIER = floguo.MacLandmarksUITests;
				PRODUCT_NAME = "$(TARGET_NAME)";
				SDKROOT = macosx;
				SWIFT_EMIT_LOC_STRINGS = NO;
				SWIFT_VERSION = 5.0;
				TEST_TARGET_NAME = MacLandmarks;
			};
			name = Debug;
		};
		AD476CC52D333FCA000C0136 /* Release */ = {
			isa = XCBuildConfiguration;
			buildSettings = {
				ALWAYS_EMBED_SWIFT_STANDARD_LIBRARIES = YES;
				CODE_SIGN_STYLE = Automatic;
				CURRENT_PROJECT_VERSION = 1;
				GENERATE_INFOPLIST_FILE = YES;
				MACOSX_DEPLOYMENT_TARGET = 14.3;
				MARKETING_VERSION = 1.0;
				PRODUCT_BUNDLE_IDENTIFIER = floguo.MacLandmarksUITests;
				PRODUCT_NAME = "$(TARGET_NAME)";
				SDKROOT = macosx;
				SWIFT_EMIT_LOC_STRINGS = NO;
				SWIFT_VERSION = 5.0;
				TEST_TARGET_NAME = MacLandmarks;
			};
			name = Release;
		};
		ADE840832D2906130040E1EA /* Debug */ = {
			isa = XCBuildConfiguration;
			buildSettings = {
				ALWAYS_SEARCH_USER_PATHS = NO;
				ASSETCATALOG_COMPILER_GENERATE_SWIFT_ASSET_SYMBOL_EXTENSIONS = YES;
				CLANG_ANALYZER_NONNULL = YES;
				CLANG_ANALYZER_NUMBER_OBJECT_CONVERSION = YES_AGGRESSIVE;
				CLANG_CXX_LANGUAGE_STANDARD = "gnu++20";
				CLANG_ENABLE_MODULES = YES;
				CLANG_ENABLE_OBJC_ARC = YES;
				CLANG_ENABLE_OBJC_WEAK = YES;
				CLANG_WARN_BLOCK_CAPTURE_AUTORELEASING = YES;
				CLANG_WARN_BOOL_CONVERSION = YES;
				CLANG_WARN_COMMA = YES;
				CLANG_WARN_CONSTANT_CONVERSION = YES;
				CLANG_WARN_DEPRECATED_OBJC_IMPLEMENTATIONS = YES;
				CLANG_WARN_DIRECT_OBJC_ISA_USAGE = YES_ERROR;
				CLANG_WARN_DOCUMENTATION_COMMENTS = YES;
				CLANG_WARN_EMPTY_BODY = YES;
				CLANG_WARN_ENUM_CONVERSION = YES;
				CLANG_WARN_INFINITE_RECURSION = YES;
				CLANG_WARN_INT_CONVERSION = YES;
				CLANG_WARN_NON_LITERAL_NULL_CONVERSION = YES;
				CLANG_WARN_OBJC_IMPLICIT_RETAIN_SELF = YES;
				CLANG_WARN_OBJC_LITERAL_CONVERSION = YES;
				CLANG_WARN_OBJC_ROOT_CLASS = YES_ERROR;
				CLANG_WARN_QUOTED_INCLUDE_IN_FRAMEWORK_HEADER = YES;
				CLANG_WARN_RANGE_LOOP_ANALYSIS = YES;
				CLANG_WARN_STRICT_PROTOTYPES = YES;
				CLANG_WARN_SUSPICIOUS_MOVE = YES;
				CLANG_WARN_UNGUARDED_AVAILABILITY = YES_AGGRESSIVE;
				CLANG_WARN_UNREACHABLE_CODE = YES;
				CLANG_WARN__DUPLICATE_METHOD_MATCH = YES;
				COPY_PHASE_STRIP = NO;
				DEBUG_INFORMATION_FORMAT = dwarf;
				ENABLE_STRICT_OBJC_MSGSEND = YES;
				ENABLE_TESTABILITY = YES;
				ENABLE_USER_SCRIPT_SANDBOXING = YES;
				GCC_C_LANGUAGE_STANDARD = gnu17;
				GCC_DYNAMIC_NO_PIC = NO;
				GCC_NO_COMMON_BLOCKS = YES;
				GCC_OPTIMIZATION_LEVEL = 0;
				GCC_PREPROCESSOR_DEFINITIONS = (
					"DEBUG=1",
					"$(inherited)",
				);
				GCC_WARN_64_TO_32_BIT_CONVERSION = YES;
				GCC_WARN_ABOUT_RETURN_TYPE = YES_ERROR;
				GCC_WARN_UNDECLARED_SELECTOR = YES;
				GCC_WARN_UNINITIALIZED_AUTOS = YES_AGGRESSIVE;
				GCC_WARN_UNUSED_FUNCTION = YES;
				GCC_WARN_UNUSED_VARIABLE = YES;
				IPHONEOS_DEPLOYMENT_TARGET = 17.5;
				LOCALIZATION_PREFERS_STRING_CATALOGS = YES;
				MTL_ENABLE_DEBUG_INFO = INCLUDE_SOURCE;
				MTL_FAST_MATH = YES;
				ONLY_ACTIVE_ARCH = YES;
				SDKROOT = iphoneos;
				SWIFT_ACTIVE_COMPILATION_CONDITIONS = "DEBUG $(inherited)";
				SWIFT_OPTIMIZATION_LEVEL = "-Onone";
			};
			name = Debug;
		};
		ADE840842D2906130040E1EA /* Release */ = {
			isa = XCBuildConfiguration;
			buildSettings = {
				ALWAYS_SEARCH_USER_PATHS = NO;
				ASSETCATALOG_COMPILER_GENERATE_SWIFT_ASSET_SYMBOL_EXTENSIONS = YES;
				CLANG_ANALYZER_NONNULL = YES;
				CLANG_ANALYZER_NUMBER_OBJECT_CONVERSION = YES_AGGRESSIVE;
				CLANG_CXX_LANGUAGE_STANDARD = "gnu++20";
				CLANG_ENABLE_MODULES = YES;
				CLANG_ENABLE_OBJC_ARC = YES;
				CLANG_ENABLE_OBJC_WEAK = YES;
				CLANG_WARN_BLOCK_CAPTURE_AUTORELEASING = YES;
				CLANG_WARN_BOOL_CONVERSION = YES;
				CLANG_WARN_COMMA = YES;
				CLANG_WARN_CONSTANT_CONVERSION = YES;
				CLANG_WARN_DEPRECATED_OBJC_IMPLEMENTATIONS = YES;
				CLANG_WARN_DIRECT_OBJC_ISA_USAGE = YES_ERROR;
				CLANG_WARN_DOCUMENTATION_COMMENTS = YES;
				CLANG_WARN_EMPTY_BODY = YES;
				CLANG_WARN_ENUM_CONVERSION = YES;
				CLANG_WARN_INFINITE_RECURSION = YES;
				CLANG_WARN_INT_CONVERSION = YES;
				CLANG_WARN_NON_LITERAL_NULL_CONVERSION = YES;
				CLANG_WARN_OBJC_IMPLICIT_RETAIN_SELF = YES;
				CLANG_WARN_OBJC_LITERAL_CONVERSION = YES;
				CLANG_WARN_OBJC_ROOT_CLASS = YES_ERROR;
				CLANG_WARN_QUOTED_INCLUDE_IN_FRAMEWORK_HEADER = YES;
				CLANG_WARN_RANGE_LOOP_ANALYSIS = YES;
				CLANG_WARN_STRICT_PROTOTYPES = YES;
				CLANG_WARN_SUSPICIOUS_MOVE = YES;
				CLANG_WARN_UNGUARDED_AVAILABILITY = YES_AGGRESSIVE;
				CLANG_WARN_UNREACHABLE_CODE = YES;
				CLANG_WARN__DUPLICATE_METHOD_MATCH = YES;
				COPY_PHASE_STRIP = NO;
				DEBUG_INFORMATION_FORMAT = "dwarf-with-dsym";
				ENABLE_NS_ASSERTIONS = NO;
				ENABLE_STRICT_OBJC_MSGSEND = YES;
				ENABLE_USER_SCRIPT_SANDBOXING = YES;
				GCC_C_LANGUAGE_STANDARD = gnu17;
				GCC_NO_COMMON_BLOCKS = YES;
				GCC_WARN_64_TO_32_BIT_CONVERSION = YES;
				GCC_WARN_ABOUT_RETURN_TYPE = YES_ERROR;
				GCC_WARN_UNDECLARED_SELECTOR = YES;
				GCC_WARN_UNINITIALIZED_AUTOS = YES_AGGRESSIVE;
				GCC_WARN_UNUSED_FUNCTION = YES;
				GCC_WARN_UNUSED_VARIABLE = YES;
				IPHONEOS_DEPLOYMENT_TARGET = 17.5;
				LOCALIZATION_PREFERS_STRING_CATALOGS = YES;
				MTL_ENABLE_DEBUG_INFO = NO;
				MTL_FAST_MATH = YES;
				SDKROOT = iphoneos;
				SWIFT_COMPILATION_MODE = wholemodule;
				VALIDATE_PRODUCT = YES;
			};
			name = Release;
		};
		ADE840862D2906130040E1EA /* Debug */ = {
			isa = XCBuildConfiguration;
			buildSettings = {
				ALWAYS_EMBED_SWIFT_STANDARD_LIBRARIES = YES;
				ASSETCATALOG_COMPILER_APPICON_NAME = AppIcon;
				ASSETCATALOG_COMPILER_GLOBAL_ACCENT_COLOR_NAME = AccentColor;
				CODE_SIGN_STYLE = Automatic;
				CURRENT_PROJECT_VERSION = 1;
				DEVELOPMENT_ASSET_PATHS = "\"Landmarks/Preview Content\"";
				ENABLE_PREVIEWS = YES;
				GENERATE_INFOPLIST_FILE = YES;
				INFOPLIST_KEY_UIApplicationSceneManifest_Generation = YES;
				INFOPLIST_KEY_UIApplicationSupportsIndirectInputEvents = YES;
				INFOPLIST_KEY_UILaunchScreen_Generation = YES;
				INFOPLIST_KEY_UISupportedInterfaceOrientations_iPad = "UIInterfaceOrientationPortrait UIInterfaceOrientationPortraitUpsideDown UIInterfaceOrientationLandscapeLeft UIInterfaceOrientationLandscapeRight";
				INFOPLIST_KEY_UISupportedInterfaceOrientations_iPhone = "UIInterfaceOrientationPortrait UIInterfaceOrientationLandscapeLeft UIInterfaceOrientationLandscapeRight";
				LD_RUNPATH_SEARCH_PATHS = (
					"$(inherited)",
					"@executable_path/Frameworks",
				);
				MARKETING_VERSION = 1.0;
				PRODUCT_BUNDLE_IDENTIFIER = floguo.Landmarks;
				PRODUCT_NAME = "$(TARGET_NAME)";
				SWIFT_EMIT_LOC_STRINGS = YES;
				SWIFT_VERSION = 5.0;
				TARGETED_DEVICE_FAMILY = "1,2";
			};
			name = Debug;
		};
		ADE840872D2906130040E1EA /* Release */ = {
			isa = XCBuildConfiguration;
			buildSettings = {
				ALWAYS_EMBED_SWIFT_STANDARD_LIBRARIES = YES;
				ASSETCATALOG_COMPILER_APPICON_NAME = AppIcon;
				ASSETCATALOG_COMPILER_GLOBAL_ACCENT_COLOR_NAME = AccentColor;
				CODE_SIGN_STYLE = Automatic;
				CURRENT_PROJECT_VERSION = 1;
				DEVELOPMENT_ASSET_PATHS = "\"Landmarks/Preview Content\"";
				ENABLE_PREVIEWS = YES;
				GENERATE_INFOPLIST_FILE = YES;
				INFOPLIST_KEY_UIApplicationSceneManifest_Generation = YES;
				INFOPLIST_KEY_UIApplicationSupportsIndirectInputEvents = YES;
				INFOPLIST_KEY_UILaunchScreen_Generation = YES;
				INFOPLIST_KEY_UISupportedInterfaceOrientations_iPad = "UIInterfaceOrientationPortrait UIInterfaceOrientationPortraitUpsideDown UIInterfaceOrientationLandscapeLeft UIInterfaceOrientationLandscapeRight";
				INFOPLIST_KEY_UISupportedInterfaceOrientations_iPhone = "UIInterfaceOrientationPortrait UIInterfaceOrientationLandscapeLeft UIInterfaceOrientationLandscapeRight";
				LD_RUNPATH_SEARCH_PATHS = (
					"$(inherited)",
					"@executable_path/Frameworks",
				);
				MARKETING_VERSION = 1.0;
				PRODUCT_BUNDLE_IDENTIFIER = floguo.Landmarks;
				PRODUCT_NAME = "$(TARGET_NAME)";
				SWIFT_EMIT_LOC_STRINGS = YES;
				SWIFT_VERSION = 5.0;
				TARGETED_DEVICE_FAMILY = "1,2";
			};
			name = Release;
		};
		ADE840892D2906130040E1EA /* Debug */ = {
			isa = XCBuildConfiguration;
			buildSettings = {
				ALWAYS_EMBED_SWIFT_STANDARD_LIBRARIES = YES;
				BUNDLE_LOADER = "$(TEST_HOST)";
				CODE_SIGN_STYLE = Automatic;
				CURRENT_PROJECT_VERSION = 1;
				GENERATE_INFOPLIST_FILE = YES;
				IPHONEOS_DEPLOYMENT_TARGET = 17.5;
				MARKETING_VERSION = 1.0;
				PRODUCT_BUNDLE_IDENTIFIER = floguo.LandmarksTests;
				PRODUCT_NAME = "$(TARGET_NAME)";
				SWIFT_EMIT_LOC_STRINGS = NO;
				SWIFT_VERSION = 5.0;
				TARGETED_DEVICE_FAMILY = "1,2";
				TEST_HOST = "$(BUILT_PRODUCTS_DIR)/Landmarks.app/$(BUNDLE_EXECUTABLE_FOLDER_PATH)/Landmarks";
			};
			name = Debug;
		};
		ADE8408A2D2906130040E1EA /* Release */ = {
			isa = XCBuildConfiguration;
			buildSettings = {
				ALWAYS_EMBED_SWIFT_STANDARD_LIBRARIES = YES;
				BUNDLE_LOADER = "$(TEST_HOST)";
				CODE_SIGN_STYLE = Automatic;
				CURRENT_PROJECT_VERSION = 1;
				GENERATE_INFOPLIST_FILE = YES;
				IPHONEOS_DEPLOYMENT_TARGET = 17.5;
				MARKETING_VERSION = 1.0;
				PRODUCT_BUNDLE_IDENTIFIER = floguo.LandmarksTests;
				PRODUCT_NAME = "$(TARGET_NAME)";
				SWIFT_EMIT_LOC_STRINGS = NO;
				SWIFT_VERSION = 5.0;
				TARGETED_DEVICE_FAMILY = "1,2";
				TEST_HOST = "$(BUILT_PRODUCTS_DIR)/Landmarks.app/$(BUNDLE_EXECUTABLE_FOLDER_PATH)/Landmarks";
			};
			name = Release;
		};
		ADE8408C2D2906130040E1EA /* Debug */ = {
			isa = XCBuildConfiguration;
			buildSettings = {
				ALWAYS_EMBED_SWIFT_STANDARD_LIBRARIES = YES;
				CODE_SIGN_STYLE = Automatic;
				CURRENT_PROJECT_VERSION = 1;
				GENERATE_INFOPLIST_FILE = YES;
				MARKETING_VERSION = 1.0;
				PRODUCT_BUNDLE_IDENTIFIER = floguo.LandmarksUITests;
				PRODUCT_NAME = "$(TARGET_NAME)";
				SWIFT_EMIT_LOC_STRINGS = NO;
				SWIFT_VERSION = 5.0;
				TARGETED_DEVICE_FAMILY = "1,2";
				TEST_TARGET_NAME = Landmarks;
			};
			name = Debug;
		};
		ADE8408D2D2906130040E1EA /* Release */ = {
			isa = XCBuildConfiguration;
			buildSettings = {
				ALWAYS_EMBED_SWIFT_STANDARD_LIBRARIES = YES;
				CODE_SIGN_STYLE = Automatic;
				CURRENT_PROJECT_VERSION = 1;
				GENERATE_INFOPLIST_FILE = YES;
				MARKETING_VERSION = 1.0;
				PRODUCT_BUNDLE_IDENTIFIER = floguo.LandmarksUITests;
				PRODUCT_NAME = "$(TARGET_NAME)";
				SWIFT_EMIT_LOC_STRINGS = NO;
				SWIFT_VERSION = 5.0;
				TARGETED_DEVICE_FAMILY = "1,2";
				TEST_TARGET_NAME = Landmarks;
			};
			name = Release;
		};
/* End XCBuildConfiguration section */

/* Begin XCConfigurationList section */
		AD476C782D330FF6000C0136 /* Build configuration list for PBXNativeTarget "WatchLandmarks Watch App" */ = {
			isa = XCConfigurationList;
			buildConfigurations = (
				AD476C792D330FF6000C0136 /* Debug */,
				AD476C7A2D330FF6000C0136 /* Release */,
			);
			defaultConfigurationIsVisible = 0;
			defaultConfigurationName = Release;
		};
		AD476C7C2D330FF6000C0136 /* Build configuration list for PBXNativeTarget "WatchLandmarks Watch AppTests" */ = {
			isa = XCConfigurationList;
			buildConfigurations = (
				AD476C7D2D330FF6000C0136 /* Debug */,
				AD476C7E2D330FF6000C0136 /* Release */,
			);
			defaultConfigurationIsVisible = 0;
			defaultConfigurationName = Release;
		};
		AD476C7F2D330FF6000C0136 /* Build configuration list for PBXNativeTarget "WatchLandmarks Watch AppUITests" */ = {
			isa = XCConfigurationList;
			buildConfigurations = (
				AD476C802D330FF6000C0136 /* Debug */,
				AD476C812D330FF6000C0136 /* Release */,
			);
			defaultConfigurationIsVisible = 0;
			defaultConfigurationName = Release;
		};
		AD476CBD2D333FCA000C0136 /* Build configuration list for PBXNativeTarget "MacLandmarks" */ = {
			isa = XCConfigurationList;
			buildConfigurations = (
				AD476CBE2D333FCA000C0136 /* Debug */,
				AD476CBF2D333FCA000C0136 /* Release */,
			);
			defaultConfigurationIsVisible = 0;
			defaultConfigurationName = Release;
		};
		AD476CC02D333FCA000C0136 /* Build configuration list for PBXNativeTarget "MacLandmarksTests" */ = {
			isa = XCConfigurationList;
			buildConfigurations = (
				AD476CC12D333FCA000C0136 /* Debug */,
				AD476CC22D333FCA000C0136 /* Release */,
			);
			defaultConfigurationIsVisible = 0;
			defaultConfigurationName = Release;
		};
		AD476CC32D333FCA000C0136 /* Build configuration list for PBXNativeTarget "MacLandmarksUITests" */ = {
			isa = XCConfigurationList;
			buildConfigurations = (
				AD476CC42D333FCA000C0136 /* Debug */,
				AD476CC52D333FCA000C0136 /* Release */,
			);
			defaultConfigurationIsVisible = 0;
			defaultConfigurationName = Release;
		};
		ADE8405C2D2906120040E1EA /* Build configuration list for PBXProject "Landmarks" */ = {
			isa = XCConfigurationList;
			buildConfigurations = (
				ADE840832D2906130040E1EA /* Debug */,
				ADE840842D2906130040E1EA /* Release */,
			);
			defaultConfigurationIsVisible = 0;
			defaultConfigurationName = Release;
		};
		ADE840852D2906130040E1EA /* Build configuration list for PBXNativeTarget "Landmarks" */ = {
			isa = XCConfigurationList;
			buildConfigurations = (
				ADE840862D2906130040E1EA /* Debug */,
				ADE840872D2906130040E1EA /* Release */,
			);
			defaultConfigurationIsVisible = 0;
			defaultConfigurationName = Release;
		};
		ADE840882D2906130040E1EA /* Build configuration list for PBXNativeTarget "LandmarksTests" */ = {
			isa = XCConfigurationList;
			buildConfigurations = (
				ADE840892D2906130040E1EA /* Debug */,
				ADE8408A2D2906130040E1EA /* Release */,
			);
			defaultConfigurationIsVisible = 0;
			defaultConfigurationName = Release;
		};
		ADE8408B2D2906130040E1EA /* Build configuration list for PBXNativeTarget "LandmarksUITests" */ = {
			isa = XCConfigurationList;
			buildConfigurations = (
				ADE8408C2D2906130040E1EA /* Debug */,
				ADE8408D2D2906130040E1EA /* Release */,
			);
			defaultConfigurationIsVisible = 0;
			defaultConfigurationName = Release;
		};
/* End XCConfigurationList section */
	};
	rootObject = ADE840592D2906120040E1EA /* Project object */;
}
