// !$*UTF8*$!
{
	archiveVersion = 1;
	classes = {
	};
	objectVersion = 56;
	objects = {

/* Begin PBXBuildFile section */
		ADE840652D2906120040E1EA /* LandmarksApp.swift in Sources */ = {isa = PBXBuildFile; fileRef = ADE840642D2906120040E1EA /* LandmarksApp.swift */; };
		ADE840672D2906120040E1EA /* ContentView.swift in Sources */ = {isa = PBXBuildFile; fileRef = ADE840662D2906120040E1EA /* ContentView.swift */; };
		ADE840692D2906130040E1EA /* Assets.xcassets in Resources */ = {isa = PBXBuildFile; fileRef = ADE840682D2906130040E1EA /* Assets.xcassets */; };
		ADE8406C2D2906130040E1EA /* Preview Assets.xcassets in Resources */ = {isa = PBXBuildFile; fileRef = ADE8406B2D2906130040E1EA /* Preview Assets.xcassets */; };
		ADE840762D2906130040E1EA /* LandmarksTests.swift in Sources */ = {isa = PBXBuildFile; fileRef = ADE840752D2906130040E1EA /* LandmarksTests.swift */; };
		ADE840802D2906130040E1EA /* LandmarksUITests.swift in Sources */ = {isa = PBXBuildFile; fileRef = ADE8407F2D2906130040E1EA /* LandmarksUITests.swift */; };
		ADE840822D2906130040E1EA /* LandmarksUITestsLaunchTests.swift in Sources */ = {isa = PBXBuildFile; fileRef = ADE840812D2906130040E1EA /* LandmarksUITestsLaunchTests.swift */; };
		ADE8408F2D2A17800040E1EA /* CircleImage.swift in Sources */ = {isa = PBXBuildFile; fileRef = ADE8408E2D2A17800040E1EA /* CircleImage.swift */; };
		ADE840912D2A18190040E1EA /* MapView.swift in Sources */ = {isa = PBXBuildFile; fileRef = ADE840902D2A18190040E1EA /* MapView.swift */; };
		ADE840932D2A1D740040E1EA /* landmarkData.json in Resources */ = {isa = PBXBuildFile; fileRef = ADE840922D2A1D740040E1EA /* landmarkData.json */; };
		ADE840952D2A1DA30040E1EA /* Landmark.swift in Sources */ = {isa = PBXBuildFile; fileRef = ADE840942D2A1DA30040E1EA /* Landmark.swift */; };
		ADE840972D2A1F170040E1EA /* ModelData.swift in Sources */ = {isa = PBXBuildFile; fileRef = ADE840962D2A1F170040E1EA /* ModelData.swift */; };
		ADE8409C2D2A22C60040E1EA /* LandmarkRow.swift in Sources */ = {isa = PBXBuildFile; fileRef = ADE8409B2D2A22C60040E1EA /* LandmarkRow.swift */; };
		ADE8409E2D2AADDE0040E1EA /* LandmarkList.swift in Sources */ = {isa = PBXBuildFile; fileRef = ADE8409D2D2AADDE0040E1EA /* LandmarkList.swift */; };
		ADE840A02D2AAF8C0040E1EA /* LandmarkDetail.swift in Sources */ = {isa = PBXBuildFile; fileRef = ADE8409F2D2AAF8C0040E1EA /* LandmarkDetail.swift */; };
/* End PBXBuildFile section */

/* Begin PBXContainerItemProxy section */
		ADE840722D2906130040E1EA /* PBXContainerItemProxy */ = {
			isa = PBXContainerItemProxy;
			containerPortal = ADE840592D2906120040E1EA /* Project object */;
			proxyType = 1;
			remoteGlobalIDString = ADE840602D2906120040E1EA;
			remoteInfo = Landmarks;
		};
		ADE8407C2D2906130040E1EA /* PBXContainerItemProxy */ = {
			isa = PBXContainerItemProxy;
			containerPortal = ADE840592D2906120040E1EA /* Project object */;
			proxyType = 1;
			remoteGlobalIDString = ADE840602D2906120040E1EA;
			remoteInfo = Landmarks;
		};
/* End PBXContainerItemProxy section */

/* Begin PBXFileReference section */
		ADE840612D2906120040E1EA /* Landmarks.app */ = {isa = PBXFileReference; explicitFileType = wrapper.application; includeInIndex = 0; path = Landmarks.app; sourceTree = BUILT_PRODUCTS_DIR; };
		ADE840642D2906120040E1EA /* LandmarksApp.swift */ = {isa = PBXFileReference; lastKnownFileType = sourcecode.swift; path = LandmarksApp.swift; sourceTree = "<group>"; };
		ADE840662D2906120040E1EA /* ContentView.swift */ = {isa = PBXFileReference; lastKnownFileType = sourcecode.swift; path = ContentView.swift; sourceTree = "<group>"; };
		ADE840682D2906130040E1EA /* Assets.xcassets */ = {isa = PBXFileReference; lastKnownFileType = folder.assetcatalog; path = Assets.xcassets; sourceTree = "<group>"; };
		ADE8406B2D2906130040E1EA /* Preview Assets.xcassets */ = {isa = PBXFileReference; lastKnownFileType = folder.assetcatalog; path = "Preview Assets.xcassets"; sourceTree = "<group>"; };
		ADE840712D2906130040E1EA /* LandmarksTests.xctest */ = {isa = PBXFileReference; explicitFileType = wrapper.cfbundle; includeInIndex = 0; path = LandmarksTests.xctest; sourceTree = BUILT_PRODUCTS_DIR; };
		ADE840752D2906130040E1EA /* LandmarksTests.swift */ = {isa = PBXFileReference; lastKnownFileType = sourcecode.swift; path = LandmarksTests.swift; sourceTree = "<group>"; };
		ADE8407B2D2906130040E1EA /* LandmarksUITests.xctest */ = {isa = PBXFileReference; explicitFileType = wrapper.cfbundle; includeInIndex = 0; path = LandmarksUITests.xctest; sourceTree = BUILT_PRODUCTS_DIR; };
		ADE8407F2D2906130040E1EA /* LandmarksUITests.swift */ = {isa = PBXFileReference; lastKnownFileType = sourcecode.swift; path = LandmarksUITests.swift; sourceTree = "<group>"; };
		ADE840812D2906130040E1EA /* LandmarksUITestsLaunchTests.swift */ = {isa = PBXFileReference; lastKnownFileType = sourcecode.swift; path = LandmarksUITestsLaunchTests.swift; sourceTree = "<group>"; };
		ADE8408E2D2A17800040E1EA /* CircleImage.swift */ = {isa = PBXFileReference; lastKnownFileType = sourcecode.swift; path = CircleImage.swift; sourceTree = "<group>"; };
		ADE840902D2A18190040E1EA /* MapView.swift */ = {isa = PBXFileReference; lastKnownFileType = sourcecode.swift; path = MapView.swift; sourceTree = "<group>"; };
		ADE840922D2A1D740040E1EA /* landmarkData.json */ = {isa = PBXFileReference; fileEncoding = 4; lastKnownFileType = text.json; path = landmarkData.json; sourceTree = "<group>"; };
		ADE840942D2A1DA30040E1EA /* Landmark.swift */ = {isa = PBXFileReference; lastKnownFileType = sourcecode.swift; path = Landmark.swift; sourceTree = "<group>"; };
		ADE840962D2A1F170040E1EA /* ModelData.swift */ = {isa = PBXFileReference; lastKnownFileType = sourcecode.swift; path = ModelData.swift; sourceTree = "<group>"; };
		ADE8409B2D2A22C60040E1EA /* LandmarkRow.swift */ = {isa = PBXFileReference; lastKnownFileType = sourcecode.swift; path = LandmarkRow.swift; sourceTree = "<group>"; };
		ADE8409D2D2AADDE0040E1EA /* LandmarkList.swift */ = {isa = PBXFileReference; lastKnownFileType = sourcecode.swift; path = LandmarkList.swift; sourceTree = "<group>"; };
		ADE8409F2D2AAF8C0040E1EA /* LandmarkDetail.swift */ = {isa = PBXFileReference; lastKnownFileType = sourcecode.swift; path = LandmarkDetail.swift; sourceTree = "<group>"; };
/* End PBXFileReference section */

/* Begin PBXFrameworksBuildPhase section */
		ADE8405E2D2906120040E1EA /* Frameworks */ = {
			isa = PBXFrameworksBuildPhase;
			buildActionMask = 2147483647;
			files = (
			);
			runOnlyForDeploymentPostprocessing = 0;
		};
		ADE8406E2D2906130040E1EA /* Frameworks */ = {
			isa = PBXFrameworksBuildPhase;
			buildActionMask = 2147483647;
			files = (
			);
			runOnlyForDeploymentPostprocessing = 0;
		};
		ADE840782D2906130040E1EA /* Frameworks */ = {
			isa = PBXFrameworksBuildPhase;
			buildActionMask = 2147483647;
			files = (
			);
			runOnlyForDeploymentPostprocessing = 0;
		};
/* End PBXFrameworksBuildPhase section */

/* Begin PBXGroup section */
		ADE840582D2906120040E1EA = {
			isa = PBXGroup;
			children = (
				ADE840632D2906120040E1EA /* Landmarks */,
				ADE840742D2906130040E1EA /* LandmarksTests */,
				ADE8407E2D2906130040E1EA /* LandmarksUITests */,
				ADE840622D2906120040E1EA /* Products */,
			);
			sourceTree = "<group>";
		};
		ADE840622D2906120040E1EA /* Products */ = {
			isa = PBXGroup;
			children = (
				ADE840612D2906120040E1EA /* Landmarks.app */,
				ADE840712D2906130040E1EA /* LandmarksTests.xctest */,
				ADE8407B2D2906130040E1EA /* LandmarksUITests.xctest */,
			);
			name = Products;
			sourceTree = "<group>";
		};
		ADE840632D2906120040E1EA /* Landmarks */ = {
			isa = PBXGroup;
			children = (
				ADE8409A2D2A21450040E1EA /* Model */,
				ADE840992D2A213C0040E1EA /* Views */,
				ADE840982D2A21300040E1EA /* Resources */,
				ADE840642D2906120040E1EA /* LandmarksApp.swift */,
				ADE840682D2906130040E1EA /* Assets.xcassets */,
				ADE8406A2D2906130040E1EA /* Preview Content */,
			);
			path = Landmarks;
			sourceTree = "<group>";
		};
		ADE8406A2D2906130040E1EA /* Preview Content */ = {
			isa = PBXGroup;
			children = (
				ADE8406B2D2906130040E1EA /* Preview Assets.xcassets */,
			);
			path = "Preview Content";
			sourceTree = "<group>";
		};
		ADE840742D2906130040E1EA /* LandmarksTests */ = {
			isa = PBXGroup;
			children = (
				ADE840752D2906130040E1EA /* LandmarksTests.swift */,
			);
			path = LandmarksTests;
			sourceTree = "<group>";
		};
		ADE8407E2D2906130040E1EA /* LandmarksUITests */ = {
			isa = PBXGroup;
			children = (
				ADE8407F2D2906130040E1EA /* LandmarksUITests.swift */,
				ADE840812D2906130040E1EA /* LandmarksUITestsLaunchTests.swift */,
			);
			path = LandmarksUITests;
			sourceTree = "<group>";
		};
		ADE840982D2A21300040E1EA /* Resources */ = {
			isa = PBXGroup;
			children = (
				ADE840922D2A1D740040E1EA /* landmarkData.json */,
			);
			path = Resources;
			sourceTree = "<group>";
		};
		ADE840992D2A213C0040E1EA /* Views */ = {
			isa = PBXGroup;
			children = (
				ADE840662D2906120040E1EA /* ContentView.swift */,
				ADE8408E2D2A17800040E1EA /* CircleImage.swift */,
				ADE840902D2A18190040E1EA /* MapView.swift */,
			);
			path = Views;
			sourceTree = "<group>";
		};
		ADE8409A2D2A21450040E1EA /* Model */ = {
			isa = PBXGroup;
			children = (
				ADE840942D2A1DA30040E1EA /* Landmark.swift */,
				ADE840962D2A1F170040E1EA /* ModelData.swift */,
				ADE8409B2D2A22C60040E1EA /* LandmarkRow.swift */,
				ADE8409D2D2AADDE0040E1EA /* LandmarkList.swift */,
				ADE8409F2D2AAF8C0040E1EA /* LandmarkDetail.swift */,
			);
			path = Model;
			sourceTree = "<group>";
		};
/* End PBXGroup section */

/* Begin PBXNativeTarget section */
		ADE840602D2906120040E1EA /* Landmarks */ = {
			isa = PBXNativeTarget;
			buildConfigurationList = ADE840852D2906130040E1EA /* Build configuration list for PBXNativeTarget "Landmarks" */;
			buildPhases = (
				ADE8405D2D2906120040E1EA /* Sources */,
				ADE8405E2D2906120040E1EA /* Frameworks */,
				ADE8405F2D2906120040E1EA /* Resources */,
			);
			buildRules = (
			);
			dependencies = (
			);
			name = Landmarks;
			productName = Landmarks;
			productReference = ADE840612D2906120040E1EA /* Landmarks.app */;
			productType = "com.apple.product-type.application";
		};
		ADE840702D2906130040E1EA /* LandmarksTests */ = {
			isa = PBXNativeTarget;
			buildConfigurationList = ADE840882D2906130040E1EA /* Build configuration list for PBXNativeTarget "LandmarksTests" */;
			buildPhases = (
				ADE8406D2D2906130040E1EA /* Sources */,
				ADE8406E2D2906130040E1EA /* Frameworks */,
				ADE8406F2D2906130040E1EA /* Resources */,
			);
			buildRules = (
			);
			dependencies = (
				ADE840732D2906130040E1EA /* PBXTargetDependency */,
			);
			name = LandmarksTests;
			productName = LandmarksTests;
			productReference = ADE840712D2906130040E1EA /* LandmarksTests.xctest */;
			productType = "com.apple.product-type.bundle.unit-test";
		};
		ADE8407A2D2906130040E1EA /* LandmarksUITests */ = {
			isa = PBXNativeTarget;
			buildConfigurationList = ADE8408B2D2906130040E1EA /* Build configuration list for PBXNativeTarget "LandmarksUITests" */;
			buildPhases = (
				ADE840772D2906130040E1EA /* Sources */,
				ADE840782D2906130040E1EA /* Frameworks */,
				ADE840792D2906130040E1EA /* Resources */,
			);
			buildRules = (
			);
			dependencies = (
				ADE8407D2D2906130040E1EA /* PBXTargetDependency */,
			);
			name = LandmarksUITests;
			productName = LandmarksUITests;
			productReference = ADE8407B2D2906130040E1EA /* LandmarksUITests.xctest */;
			productType = "com.apple.product-type.bundle.ui-testing";
		};
/* End PBXNativeTarget section */

/* Begin PBXProject section */
		ADE840592D2906120040E1EA /* Project object */ = {
			isa = PBXProject;
			attributes = {
				BuildIndependentTargetsInParallel = 1;
				LastSwiftUpdateCheck = 1540;
				LastUpgradeCheck = 1540;
				TargetAttributes = {
					ADE840602D2906120040E1EA = {
						CreatedOnToolsVersion = 15.4;
					};
					ADE840702D2906130040E1EA = {
						CreatedOnToolsVersion = 15.4;
						TestTargetID = ADE840602D2906120040E1EA;
					};
					ADE8407A2D2906130040E1EA = {
						CreatedOnToolsVersion = 15.4;
						TestTargetID = ADE840602D2906120040E1EA;
					};
				};
			};
			buildConfigurationList = ADE8405C2D2906120040E1EA /* Build configuration list for PBXProject "Landmarks" */;
			compatibilityVersion = "Xcode 14.0";
			developmentRegion = en;
			hasScannedForEncodings = 0;
			knownRegions = (
				en,
				Base,
			);
			mainGroup = ADE840582D2906120040E1EA;
			productRefGroup = ADE840622D2906120040E1EA /* Products */;
			projectDirPath = "";
			projectRoot = "";
			targets = (
				ADE840602D2906120040E1EA /* Landmarks */,
				ADE840702D2906130040E1EA /* LandmarksTests */,
				ADE8407A2D2906130040E1EA /* LandmarksUITests */,
			);
		};
/* End PBXProject section */

/* Begin PBXResourcesBuildPhase section */
		ADE8405F2D2906120040E1EA /* Resources */ = {
			isa = PBXResourcesBuildPhase;
			buildActionMask = 2147483647;
			files = (
				ADE8406C2D2906130040E1EA /* Preview Assets.xcassets in Resources */,
				ADE840692D2906130040E1EA /* Assets.xcassets in Resources */,
				ADE840932D2A1D740040E1EA /* landmarkData.json in Resources */,
			);
			runOnlyForDeploymentPostprocessing = 0;
		};
		ADE8406F2D2906130040E1EA /* Resources */ = {
			isa = PBXResourcesBuildPhase;
			buildActionMask = 2147483647;
			files = (
			);
			runOnlyForDeploymentPostprocessing = 0;
		};
		ADE840792D2906130040E1EA /* Resources */ = {
			isa = PBXResourcesBuildPhase;
			buildActionMask = 2147483647;
			files = (
			);
			runOnlyForDeploymentPostprocessing = 0;
		};
/* End PBXResourcesBuildPhase section */

/* Begin PBXSourcesBuildPhase section */
		ADE8405D2D2906120040E1EA /* Sources */ = {
			isa = PBXSourcesBuildPhase;
			buildActionMask = 2147483647;
			files = (
				ADE840672D2906120040E1EA /* ContentView.swift in Sources */,
				ADE840912D2A18190040E1EA /* MapView.swift in Sources */,
				ADE840972D2A1F170040E1EA /* ModelData.swift in Sources */,
				ADE8409E2D2AADDE0040E1EA /* LandmarkList.swift in Sources */,
				ADE840A02D2AAF8C0040E1EA /* LandmarkDetail.swift in Sources */,
				ADE840652D2906120040E1EA /* LandmarksApp.swift in Sources */,
				ADE8408F2D2A17800040E1EA /* CircleImage.swift in Sources */,
				ADE8409C2D2A22C60040E1EA /* LandmarkRow.swift in Sources */,
				ADE840952D2A1DA30040E1EA /* Landmark.swift in Sources */,
			);
			runOnlyForDeploymentPostprocessing = 0;
		};
		ADE8406D2D2906130040E1EA /* Sources */ = {
			isa = PBXSourcesBuildPhase;
			buildActionMask = 2147483647;
			files = (
				ADE840762D2906130040E1EA /* LandmarksTests.swift in Sources */,
			);
			runOnlyForDeploymentPostprocessing = 0;
		};
		ADE840772D2906130040E1EA /* Sources */ = {
			isa = PBXSourcesBuildPhase;
			buildActionMask = 2147483647;
			files = (
				ADE840822D2906130040E1EA /* LandmarksUITestsLaunchTests.swift in Sources */,
				ADE840802D2906130040E1EA /* LandmarksUITests.swift in Sources */,
			);
			runOnlyForDeploymentPostprocessing = 0;
		};
/* End PBXSourcesBuildPhase section */

/* Begin PBXTargetDependency section */
		ADE840732D2906130040E1EA /* PBXTargetDependency */ = {
			isa = PBXTargetDependency;
			target = ADE840602D2906120040E1EA /* Landmarks */;
			targetProxy = ADE840722D2906130040E1EA /* PBXContainerItemProxy */;
		};
		ADE8407D2D2906130040E1EA /* PBXTargetDependency */ = {
			isa = PBXTargetDependency;
			target = ADE840602D2906120040E1EA /* Landmarks */;
			targetProxy = ADE8407C2D2906130040E1EA /* PBXContainerItemProxy */;
		};
/* End PBXTargetDependency section */

/* Begin XCBuildConfiguration section */
		ADE840832D2906130040E1EA /* Debug */ = {
			isa = XCBuildConfiguration;
			buildSettings = {
				ALWAYS_SEARCH_USER_PATHS = NO;
				ASSETCATALOG_COMPILER_GENERATE_SWIFT_ASSET_SYMBOL_EXTENSIONS = YES;
				CLANG_ANALYZER_NONNULL = YES;
				CLANG_ANALYZER_NUMBER_OBJECT_CONVERSION = YES_AGGRESSIVE;
				CLANG_CXX_LANGUAGE_STANDARD = "gnu++20";
				CLANG_ENABLE_MODULES = YES;
				CLANG_ENABLE_OBJC_ARC = YES;
				CLANG_ENABLE_OBJC_WEAK = YES;
				CLANG_WARN_BLOCK_CAPTURE_AUTORELEASING = YES;
				CLANG_WARN_BOOL_CONVERSION = YES;
				CLANG_WARN_COMMA = YES;
				CLANG_WARN_CONSTANT_CONVERSION = YES;
				CLANG_WARN_DEPRECATED_OBJC_IMPLEMENTATIONS = YES;
				CLANG_WARN_DIRECT_OBJC_ISA_USAGE = YES_ERROR;
				CLANG_WARN_DOCUMENTATION_COMMENTS = YES;
				CLANG_WARN_EMPTY_BODY = YES;
				CLANG_WARN_ENUM_CONVERSION = YES;
				CLANG_WARN_INFINITE_RECURSION = YES;
				CLANG_WARN_INT_CONVERSION = YES;
				CLANG_WARN_NON_LITERAL_NULL_CONVERSION = YES;
				CLANG_WARN_OBJC_IMPLICIT_RETAIN_SELF = YES;
				CLANG_WARN_OBJC_LITERAL_CONVERSION = YES;
				CLANG_WARN_OBJC_ROOT_CLASS = YES_ERROR;
				CLANG_WARN_QUOTED_INCLUDE_IN_FRAMEWORK_HEADER = YES;
				CLANG_WARN_RANGE_LOOP_ANALYSIS = YES;
				CLANG_WARN_STRICT_PROTOTYPES = YES;
				CLANG_WARN_SUSPICIOUS_MOVE = YES;
				CLANG_WARN_UNGUARDED_AVAILABILITY = YES_AGGRESSIVE;
				CLANG_WARN_UNREACHABLE_CODE = YES;
				CLANG_WARN__DUPLICATE_METHOD_MATCH = YES;
				COPY_PHASE_STRIP = NO;
				DEBUG_INFORMATION_FORMAT = dwarf;
				ENABLE_STRICT_OBJC_MSGSEND = YES;
				ENABLE_TESTABILITY = YES;
				ENABLE_USER_SCRIPT_SANDBOXING = YES;
				GCC_C_LANGUAGE_STANDARD = gnu17;
				GCC_DYNAMIC_NO_PIC = NO;
				GCC_NO_COMMON_BLOCKS = YES;
				GCC_OPTIMIZATION_LEVEL = 0;
				GCC_PREPROCESSOR_DEFINITIONS = (
					"DEBUG=1",
					"$(inherited)",
				);
				GCC_WARN_64_TO_32_BIT_CONVERSION = YES;
				GCC_WARN_ABOUT_RETURN_TYPE = YES_ERROR;
				GCC_WARN_UNDECLARED_SELECTOR = YES;
				GCC_WARN_UNINITIALIZED_AUTOS = YES_AGGRESSIVE;
				GCC_WARN_UNUSED_FUNCTION = YES;
				GCC_WARN_UNUSED_VARIABLE = YES;
				IPHONEOS_DEPLOYMENT_TARGET = 17.5;
				LOCALIZATION_PREFERS_STRING_CATALOGS = YES;
				MTL_ENABLE_DEBUG_INFO = INCLUDE_SOURCE;
				MTL_FAST_MATH = YES;
				ONLY_ACTIVE_ARCH = YES;
				SDKROOT = iphoneos;
				SWIFT_ACTIVE_COMPILATION_CONDITIONS = "DEBUG $(inherited)";
				SWIFT_OPTIMIZATION_LEVEL = "-Onone";
			};
			name = Debug;
		};
		ADE840842D2906130040E1EA /* Release */ = {
			isa = XCBuildConfiguration;
			buildSettings = {
				ALWAYS_SEARCH_USER_PATHS = NO;
				ASSETCATALOG_COMPILER_GENERATE_SWIFT_ASSET_SYMBOL_EXTENSIONS = YES;
				CLANG_ANALYZER_NONNULL = YES;
				CLANG_ANALYZER_NUMBER_OBJECT_CONVERSION = YES_AGGRESSIVE;
				CLANG_CXX_LANGUAGE_STANDARD = "gnu++20";
				CLANG_ENABLE_MODULES = YES;
				CLANG_ENABLE_OBJC_ARC = YES;
				CLANG_ENABLE_OBJC_WEAK = YES;
				CLANG_WARN_BLOCK_CAPTURE_AUTORELEASING = YES;
				CLANG_WARN_BOOL_CONVERSION = YES;
				CLANG_WARN_COMMA = YES;
				CLANG_WARN_CONSTANT_CONVERSION = YES;
				CLANG_WARN_DEPRECATED_OBJC_IMPLEMENTATIONS = YES;
				CLANG_WARN_DIRECT_OBJC_ISA_USAGE = YES_ERROR;
				CLANG_WARN_DOCUMENTATION_COMMENTS = YES;
				CLANG_WARN_EMPTY_BODY = YES;
				CLANG_WARN_ENUM_CONVERSION = YES;
				CLANG_WARN_INFINITE_RECURSION = YES;
				CLANG_WARN_INT_CONVERSION = YES;
				CLANG_WARN_NON_LITERAL_NULL_CONVERSION = YES;
				CLANG_WARN_OBJC_IMPLICIT_RETAIN_SELF = YES;
				CLANG_WARN_OBJC_LITERAL_CONVERSION = YES;
				CLANG_WARN_OBJC_ROOT_CLASS = YES_ERROR;
				CLANG_WARN_QUOTED_INCLUDE_IN_FRAMEWORK_HEADER = YES;
				CLANG_WARN_RANGE_LOOP_ANALYSIS = YES;
				CLANG_WARN_STRICT_PROTOTYPES = YES;
				CLANG_WARN_SUSPICIOUS_MOVE = YES;
				CLANG_WARN_UNGUARDED_AVAILABILITY = YES_AGGRESSIVE;
				CLANG_WARN_UNREACHABLE_CODE = YES;
				CLANG_WARN__DUPLICATE_METHOD_MATCH = YES;
				COPY_PHASE_STRIP = NO;
				DEBUG_INFORMATION_FORMAT = "dwarf-with-dsym";
				ENABLE_NS_ASSERTIONS = NO;
				ENABLE_STRICT_OBJC_MSGSEND = YES;
				ENABLE_USER_SCRIPT_SANDBOXING = YES;
				GCC_C_LANGUAGE_STANDARD = gnu17;
				GCC_NO_COMMON_BLOCKS = YES;
				GCC_WARN_64_TO_32_BIT_CONVERSION = YES;
				GCC_WARN_ABOUT_RETURN_TYPE = YES_ERROR;
				GCC_WARN_UNDECLARED_SELECTOR = YES;
				GCC_WARN_UNINITIALIZED_AUTOS = YES_AGGRESSIVE;
				GCC_WARN_UNUSED_FUNCTION = YES;
				GCC_WARN_UNUSED_VARIABLE = YES;
				IPHONEOS_DEPLOYMENT_TARGET = 17.5;
				LOCALIZATION_PREFERS_STRING_CATALOGS = YES;
				MTL_ENABLE_DEBUG_INFO = NO;
				MTL_FAST_MATH = YES;
				SDKROOT = iphoneos;
				SWIFT_COMPILATION_MODE = wholemodule;
				VALIDATE_PRODUCT = YES;
			};
			name = Release;
		};
		ADE840862D2906130040E1EA /* Debug */ = {
			isa = XCBuildConfiguration;
			buildSettings = {
				ASSETCATALOG_COMPILER_APPICON_NAME = AppIcon;
				ASSETCATALOG_COMPILER_GLOBAL_ACCENT_COLOR_NAME = AccentColor;
				CODE_SIGN_STYLE = Automatic;
				CURRENT_PROJECT_VERSION = 1;
				DEVELOPMENT_ASSET_PATHS = "\"Landmarks/Preview Content\"";
				ENABLE_PREVIEWS = YES;
				GENERATE_INFOPLIST_FILE = YES;
				INFOPLIST_KEY_UIApplicationSceneManifest_Generation = YES;
				INFOPLIST_KEY_UIApplicationSupportsIndirectInputEvents = YES;
				INFOPLIST_KEY_UILaunchScreen_Generation = YES;
				INFOPLIST_KEY_UISupportedInterfaceOrientations_iPad = "UIInterfaceOrientationPortrait UIInterfaceOrientationPortraitUpsideDown UIInterfaceOrientationLandscapeLeft UIInterfaceOrientationLandscapeRight";
				INFOPLIST_KEY_UISupportedInterfaceOrientations_iPhone = "UIInterfaceOrientationPortrait UIInterfaceOrientationLandscapeLeft UIInterfaceOrientationLandscapeRight";
				LD_RUNPATH_SEARCH_PATHS = (
					"$(inherited)",
					"@executable_path/Frameworks",
				);
				MARKETING_VERSION = 1.0;
				PRODUCT_BUNDLE_IDENTIFIER = floguo.Landmarks;
				PRODUCT_NAME = "$(TARGET_NAME)";
				SWIFT_EMIT_LOC_STRINGS = YES;
				SWIFT_VERSION = 5.0;
				TARGETED_DEVICE_FAMILY = "1,2";
			};
			name = Debug;
		};
		ADE840872D2906130040E1EA /* Release */ = {
			isa = XCBuildConfiguration;
			buildSettings = {
				ASSETCATALOG_COMPILER_APPICON_NAME = AppIcon;
				ASSETCATALOG_COMPILER_GLOBAL_ACCENT_COLOR_NAME = AccentColor;
				CODE_SIGN_STYLE = Automatic;
				CURRENT_PROJECT_VERSION = 1;
				DEVELOPMENT_ASSET_PATHS = "\"Landmarks/Preview Content\"";
				ENABLE_PREVIEWS = YES;
				GENERATE_INFOPLIST_FILE = YES;
				INFOPLIST_KEY_UIApplicationSceneManifest_Generation = YES;
				INFOPLIST_KEY_UIApplicationSupportsIndirectInputEvents = YES;
				INFOPLIST_KEY_UILaunchScreen_Generation = YES;
				INFOPLIST_KEY_UISupportedInterfaceOrientations_iPad = "UIInterfaceOrientationPortrait UIInterfaceOrientationPortraitUpsideDown UIInterfaceOrientationLandscapeLeft UIInterfaceOrientationLandscapeRight";
				INFOPLIST_KEY_UISupportedInterfaceOrientations_iPhone = "UIInterfaceOrientationPortrait UIInterfaceOrientationLandscapeLeft UIInterfaceOrientationLandscapeRight";
				LD_RUNPATH_SEARCH_PATHS = (
					"$(inherited)",
					"@executable_path/Frameworks",
				);
				MARKETING_VERSION = 1.0;
				PRODUCT_BUNDLE_IDENTIFIER = floguo.Landmarks;
				PRODUCT_NAME = "$(TARGET_NAME)";
				SWIFT_EMIT_LOC_STRINGS = YES;
				SWIFT_VERSION = 5.0;
				TARGETED_DEVICE_FAMILY = "1,2";
			};
			name = Release;
		};
		ADE840892D2906130040E1EA /* Debug */ = {
			isa = XCBuildConfiguration;
			buildSettings = {
				ALWAYS_EMBED_SWIFT_STANDARD_LIBRARIES = YES;
				BUNDLE_LOADER = "$(TEST_HOST)";
				CODE_SIGN_STYLE = Automatic;
				CURRENT_PROJECT_VERSION = 1;
				GENERATE_INFOPLIST_FILE = YES;
				IPHONEOS_DEPLOYMENT_TARGET = 17.5;
				MARKETING_VERSION = 1.0;
				PRODUCT_BUNDLE_IDENTIFIER = floguo.LandmarksTests;
				PRODUCT_NAME = "$(TARGET_NAME)";
				SWIFT_EMIT_LOC_STRINGS = NO;
				SWIFT_VERSION = 5.0;
				TARGETED_DEVICE_FAMILY = "1,2";
				TEST_HOST = "$(BUILT_PRODUCTS_DIR)/Landmarks.app/$(BUNDLE_EXECUTABLE_FOLDER_PATH)/Landmarks";
			};
			name = Debug;
		};
		ADE8408A2D2906130040E1EA /* Release */ = {
			isa = XCBuildConfiguration;
			buildSettings = {
				ALWAYS_EMBED_SWIFT_STANDARD_LIBRARIES = YES;
				BUNDLE_LOADER = "$(TEST_HOST)";
				CODE_SIGN_STYLE = Automatic;
				CURRENT_PROJECT_VERSION = 1;
				GENERATE_INFOPLIST_FILE = YES;
				IPHONEOS_DEPLOYMENT_TARGET = 17.5;
				MARKETING_VERSION = 1.0;
				PRODUCT_BUNDLE_IDENTIFIER = floguo.LandmarksTests;
				PRODUCT_NAME = "$(TARGET_NAME)";
				SWIFT_EMIT_LOC_STRINGS = NO;
				SWIFT_VERSION = 5.0;
				TARGETED_DEVICE_FAMILY = "1,2";
				TEST_HOST = "$(BUILT_PRODUCTS_DIR)/Landmarks.app/$(BUNDLE_EXECUTABLE_FOLDER_PATH)/Landmarks";
			};
			name = Release;
		};
		ADE8408C2D2906130040E1EA /* Debug */ = {
			isa = XCBuildConfiguration;
			buildSettings = {
				ALWAYS_EMBED_SWIFT_STANDARD_LIBRARIES = YES;
				CODE_SIGN_STYLE = Automatic;
				CURRENT_PROJECT_VERSION = 1;
				GENERATE_INFOPLIST_FILE = YES;
				MARKETING_VERSION = 1.0;
				PRODUCT_BUNDLE_IDENTIFIER = floguo.LandmarksUITests;
				PRODUCT_NAME = "$(TARGET_NAME)";
				SWIFT_EMIT_LOC_STRINGS = NO;
				SWIFT_VERSION = 5.0;
				TARGETED_DEVICE_FAMILY = "1,2";
				TEST_TARGET_NAME = Landmarks;
			};
			name = Debug;
		};
		ADE8408D2D2906130040E1EA /* Release */ = {
			isa = XCBuildConfiguration;
			buildSettings = {
				ALWAYS_EMBED_SWIFT_STANDARD_LIBRARIES = YES;
				CODE_SIGN_STYLE = Automatic;
				CURRENT_PROJECT_VERSION = 1;
				GENERATE_INFOPLIST_FILE = YES;
				MARKETING_VERSION = 1.0;
				PRODUCT_BUNDLE_IDENTIFIER = floguo.LandmarksUITests;
				PRODUCT_NAME = "$(TARGET_NAME)";
				SWIFT_EMIT_LOC_STRINGS = NO;
				SWIFT_VERSION = 5.0;
				TARGETED_DEVICE_FAMILY = "1,2";
				TEST_TARGET_NAME = Landmarks;
			};
			name = Release;
		};
/* End XCBuildConfiguration section */

/* Begin XCConfigurationList section */
		ADE8405C2D2906120040E1EA /* Build configuration list for PBXProject "Landmarks" */ = {
			isa = XCConfigurationList;
			buildConfigurations = (
				ADE840832D2906130040E1EA /* Debug */,
				ADE840842D2906130040E1EA /* Release */,
			);
			defaultConfigurationIsVisible = 0;
			defaultConfigurationName = Release;
		};
		ADE840852D2906130040E1EA /* Build configuration list for PBXNativeTarget "Landmarks" */ = {
			isa = XCConfigurationList;
			buildConfigurations = (
				ADE840862D2906130040E1EA /* Debug */,
				ADE840872D2906130040E1EA /* Release */,
			);
			defaultConfigurationIsVisible = 0;
			defaultConfigurationName = Release;
		};
		ADE840882D2906130040E1EA /* Build configuration list for PBXNativeTarget "LandmarksTests" */ = {
			isa = XCConfigurationList;
			buildConfigurations = (
				ADE840892D2906130040E1EA /* Debug */,
				ADE8408A2D2906130040E1EA /* Release */,
			);
			defaultConfigurationIsVisible = 0;
			defaultConfigurationName = Release;
		};
		ADE8408B2D2906130040E1EA /* Build configuration list for PBXNativeTarget "LandmarksUITests" */ = {
			isa = XCConfigurationList;
			buildConfigurations = (
				ADE8408C2D2906130040E1EA /* Debug */,
				ADE8408D2D2906130040E1EA /* Release */,
			);
			defaultConfigurationIsVisible = 0;
			defaultConfigurationName = Release;
		};
/* End XCConfigurationList section */
	};
	rootObject = ADE840592D2906120040E1EA /* Project object */;
}
